
Microsoft Visual Studio Solution File, Format Version 11.00
# Visual Studio 2010
Project("{FAE04EC0-301F-11D3-BF4B-00C04F79EFBC}") = "JustDecompile.API", "Tools\JustDecompile.Core\JustDecompile.API.csproj", "{8A549CC3-55AC-46F8-9BC9-83E0804D87B9}"
EndProject
Global
	GlobalSection(TeamFoundationVersionControl) = preSolution
		SccNumberOfProjects = 2
		SccEnterpriseProvider = {4CA58AB2-18FA-4F8D-95D4-32DDF27D184C}
		SccTeamFoundationServer = http://tfs:8082/defaultcollection
		SccLocalPath0 = .
		SccProjectUniqueName1 = ..\\Source\\Tools\\JustDecompile.Core\\JustDecompile.API.csproj
		SccProjectName1 = ../Source/Tools/JustDecompile.Core
		SccLocalPath1 = ..\\Source\\Tools\\JustDecompile.Core
	EndGlobalSection
	GlobalSection(SolutionConfigurationPlatforms) = preSolution
		Debug|Any CPU = Debug|Any CPU
		Debug|x86 = Debug|x86
		Release|Any CPU = Release|Any CPU
		Release|x86 = Release|x86
		ReleaseInternal|Any CPU = ReleaseInternal|Any CPU
		ReleaseInternal|x86 = ReleaseInternal|x86
	EndGlobalSection
	GlobalSection(ProjectConfigurationPlatforms) = postSolution
		{8A549CC3-55AC-46F8-9BC9-83E0804D87B9}.Debug|Any CPU.ActiveCfg = Debug|Any CPU
		{8A549CC3-55AC-46F8-9BC9-83E0804D87B9}.Debug|Any CPU.Build.0 = Debug|Any CPU
		{8A549CC3-55AC-46F8-9BC9-83E0804D87B9}.Debug|x86.ActiveCfg = Debug|x86
		{8A549CC3-55AC-46F8-9BC9-83E0804D87B9}.Debug|x86.Build.0 = Debug|x86
		{8A549CC3-55AC-46F8-9BC9-83E0804D87B9}.Release|Any CPU.ActiveCfg = Release|Any CPU
		{8A549CC3-55AC-46F8-9BC9-83E0804D87B9}.Release|Any CPU.Build.0 = Release|Any CPU
		{8A549CC3-55AC-46F8-9BC9-83E0804D87B9}.Release|x86.ActiveCfg = Release|x86
		{8A549CC3-55AC-46F8-9BC9-83E0804D87B9}.Release|x86.Build.0 = Release|x86
		{8A549CC3-55AC-46F8-9BC9-83E0804D87B9}.ReleaseInternal|Any CPU.ActiveCfg = ReleaseInternal|Any CPU
		{8A549CC3-55AC-46F8-9BC9-83E0804D87B9}.ReleaseInternal|Any CPU.Build.0 = ReleaseInternal|Any CPU
		{8A549CC3-55AC-46F8-9BC9-83E0804D87B9}.ReleaseInternal|x86.ActiveCfg = ReleaseInternal|x86
		{8A549CC3-55AC-46F8-9BC9-83E0804D87B9}.ReleaseInternal|x86.Build.0 = ReleaseInternal|x86
	EndGlobalSection
	GlobalSection(SolutionProperties) = preSolution
		HideSolutionNode = FALSE
	EndGlobalSection
EndGlobal
