
Microsoft Visual Studio Solution File, Format Version 11.00
# Visual Studio 2010
Project("{FAE04EC0-301F-11D3-BF4B-00C04F79EFBC}") = "De4dot.JustDecompile.Module", "De4dot.JustDecompile\De4dot.JustDecompile.Module.csproj", "{EB1CF1F1-F3F1-438B-B645-F24C86574454}"
EndProject
Project("{2150E333-8FDC-42A3-9474-1A3956D46DE8}") = "De4Dot", "De4Dot", "{0E5DF3E9-0034-49FC-88A1-C675B8CEFFDC}"
EndProject
Project("{FAE04EC0-301F-11D3-BF4B-00C04F79EFBC}") = "JustDecompile.API", "..\Source\Tools\JustDecompile.Core\JustDecompile.API.csproj", "{8A549CC3-55AC-46F8-9BC9-83E0804D87B9}"
EndProject
Project("{FAE04EC0-301F-11D3-BF4B-00C04F79EFBC}") = "AssemblyData", "De4dot.JustDecompile\De4dot\sources\AssemblyData\AssemblyData.csproj", "{FBD84077-9D35-41FE-89DF-8D79EFE0B595}"
EndProject
Project("{FAE04EC0-301F-11D3-BF4B-00C04F79EFBC}") = "blocks", "De4dot.JustDecompile\De4dot\sources\blocks\blocks.csproj", "{045B96F2-AF80-4C4C-8D27-E38635AC705E}"
EndProject
Project("{FAE04EC0-301F-11D3-BF4B-00C04F79EFBC}") = "de4dot.code", "De4dot.JustDecompile\De4dot\sources\de4dot.code\de4dot.code.csproj", "{4D10B9EB-3BF1-4D61-A389-CB019E8C9622}"
EndProject
Project("{FAE04EC0-301F-11D3-BF4B-00C04F79EFBC}") = "de4dot.mdecrypt", "De4dot.JustDecompile\De4dot\sources\de4dot.mdecrypt\de4dot.mdecrypt.csproj", "{5C93C5E2-196F-4877-BF65-96FEBFCEFCA1}"
EndProject
Project("{FAE04EC0-301F-11D3-BF4B-00C04F79EFBC}") = "ICSharpCode.SharpZLib", "De4dot.JustDecompile\De4dot\sources\SharpZipLib\ICSharpCode.SharpZLib.csproj", "{0E7413FF-EB9E-4714-ACF2-BE3A6A7B2FFD}"
EndProject
Project("{FAE04EC0-301F-11D3-BF4B-00C04F79EFBC}") = "Mono.Cecil", "De4dot.JustDecompile\De4dot\sources\cecil\Mono.Cecil.csproj", "{D68133BD-1E63-496E-9EDE-4FBDBF77B486}"
EndProject
Global
	GlobalSection(TeamFoundationVersionControl) = preSolution
		SccNumberOfProjects = 7
		SccEnterpriseProvider = {4CA58AB2-18FA-4F8D-95D4-32DDF27D184C}
		SccTeamFoundationServer = http://tfs:8082/defaultcollection
		SccProjectUniqueName0 = De4dot.JustDecompile\\De4dot.JustDecompile.Module.csproj
		SccProjectName0 = De4dot.JustDecompile
		SccAuxPath0 = http://tfs:8082/defaultcollection
		SccLocalPath0 = De4dot.JustDecompile
		SccProvider0 = {4CA58AB2-18FA-4F8D-95D4-32DDF27D184C}
		SccProjectUniqueName1 = ..\\Source\\Tools\\JustDecompile.Core\\JustDecompile.API.csproj
		SccProjectName1 = ../Source/Tools/JustDecompile.Core
		SccAuxPath1 = http://tfs:8082/defaultcollection
		SccLocalPath1 = ..\\Source\\Tools\\JustDecompile.Core
		SccProvider1 = {4CA58AB2-18FA-4F8D-95D4-32DDF27D184C}
		SccProjectUniqueName2 = De4dot.JustDecompile\\De4dot\\sources\\AssemblyData\\AssemblyData.csproj
		SccProjectTopLevelParentUniqueName2 = JustDecompile.De4dotPlugin.sln
		SccProjectName2 = De4dot.JustDecompile/De4dot/sources/AssemblyData
		SccAuxPath2 = http://tfs:8082/defaultcollection
		SccLocalPath2 = De4dot.JustDecompile\\De4dot\\sources\\AssemblyData
		SccProvider2 = {4CA58AB2-18FA-4F8D-95D4-32DDF27D184C}
		SccProjectUniqueName3 = De4dot.JustDecompile\\De4dot\\sources\\blocks\\blocks.csproj
		SccProjectTopLevelParentUniqueName3 = JustDecompile.De4dotPlugin.sln
		SccProjectName3 = De4dot.JustDecompile/De4dot/sources/blocks
		SccAuxPath3 = http://tfs:8082/defaultcollection
		SccLocalPath3 = De4dot.JustDecompile\\De4dot\\sources\\blocks
		SccProvider3 = {4CA58AB2-18FA-4F8D-95D4-32DDF27D184C}
		SccProjectUniqueName4 = De4dot.JustDecompile\\De4dot\\sources\\de4dot.code\\de4dot.code.csproj
		SccProjectTopLevelParentUniqueName4 = JustDecompile.De4dotPlugin.sln
		SccProjectName4 = De4dot.JustDecompile/De4dot/sources/de4dot.code
		SccAuxPath4 = http://tfs:8082/defaultcollection
		SccLocalPath4 = De4dot.JustDecompile\\De4dot\\sources\\de4dot.code
		SccProvider4 = {4CA58AB2-18FA-4F8D-95D4-32DDF27D184C}
		SccProjectUniqueName5 = De4dot.JustDecompile\\De4dot\\sources\\SharpZipLib\\ICSharpCode.SharpZLib.csproj
		SccProjectTopLevelParentUniqueName5 = JustDecompile.De4dotPlugin.sln
		SccProjectName5 = De4dot.JustDecompile/De4dot/sources/SharpZipLib
		SccAuxPath5 = http://tfs:8082/defaultcollection
		SccLocalPath5 = De4dot.JustDecompile\\De4dot\\sources\\SharpZipLib
		SccProvider5 = {4CA58AB2-18FA-4F8D-95D4-32DDF27D184C}
		SccProjectUniqueName6 = De4dot.JustDecompile\\De4dot\\sources\\cecil\\Mono.Cecil.csproj
		SccProjectTopLevelParentUniqueName6 = JustDecompile.De4dotPlugin.sln
		SccProjectName6 = De4dot.JustDecompile/De4dot/sources/cecil
		SccAuxPath6 = http://tfs:8082/defaultcollection
		SccLocalPath6 = De4dot.JustDecompile\\De4dot\\sources\\cecil
		SccProvider6 = {4CA58AB2-18FA-4F8D-95D4-32DDF27D184C}
	EndGlobalSection
	GlobalSection(SolutionConfigurationPlatforms) = preSolution
		Debug|Any CPU = Debug|Any CPU
		Debug|Mixed Platforms = Debug|Mixed Platforms
		Debug|x86 = Debug|x86
		net_2_0_Debug|Any CPU = net_2_0_Debug|Any CPU
		net_2_0_Debug|Mixed Platforms = net_2_0_Debug|Mixed Platforms
		net_2_0_Debug|x86 = net_2_0_Debug|x86
		net_2_0_Release|Any CPU = net_2_0_Release|Any CPU
		net_2_0_Release|Mixed Platforms = net_2_0_Release|Mixed Platforms
		net_2_0_Release|x86 = net_2_0_Release|x86
		net_3_5_Debug|Any CPU = net_3_5_Debug|Any CPU
		net_3_5_Debug|Mixed Platforms = net_3_5_Debug|Mixed Platforms
		net_3_5_Debug|x86 = net_3_5_Debug|x86
		net_3_5_Release|Any CPU = net_3_5_Release|Any CPU
		net_3_5_Release|Mixed Platforms = net_3_5_Release|Mixed Platforms
		net_3_5_Release|x86 = net_3_5_Release|x86
		net_4_0_Debug|Any CPU = net_4_0_Debug|Any CPU
		net_4_0_Debug|Mixed Platforms = net_4_0_Debug|Mixed Platforms
		net_4_0_Debug|x86 = net_4_0_Debug|x86
		net_4_0_Release|Any CPU = net_4_0_Release|Any CPU
		net_4_0_Release|Mixed Platforms = net_4_0_Release|Mixed Platforms
		net_4_0_Release|x86 = net_4_0_Release|x86
		Release|Any CPU = Release|Any CPU
		Release|Mixed Platforms = Release|Mixed Platforms
		Release|x86 = Release|x86
		silverlight_Debug|Any CPU = silverlight_Debug|Any CPU
		silverlight_Debug|Mixed Platforms = silverlight_Debug|Mixed Platforms
		silverlight_Debug|x86 = silverlight_Debug|x86
		silverlight_Release|Any CPU = silverlight_Release|Any CPU
		silverlight_Release|Mixed Platforms = silverlight_Release|Mixed Platforms
		silverlight_Release|x86 = silverlight_Release|x86
		winphone_Debug|Any CPU = winphone_Debug|Any CPU
		winphone_Debug|Mixed Platforms = winphone_Debug|Mixed Platforms
		winphone_Debug|x86 = winphone_Debug|x86
		winphone_Release|Any CPU = winphone_Release|Any CPU
		winphone_Release|Mixed Platforms = winphone_Release|Mixed Platforms
		winphone_Release|x86 = winphone_Release|x86
	EndGlobalSection
	GlobalSection(ProjectConfigurationPlatforms) = postSolution
		{EB1CF1F1-F3F1-438B-B645-F24C86574454}.Debug|Any CPU.ActiveCfg = Debug|Any CPU
		{EB1CF1F1-F3F1-438B-B645-F24C86574454}.Debug|Any CPU.Build.0 = Debug|Any CPU
		{EB1CF1F1-F3F1-438B-B645-F24C86574454}.Debug|Mixed Platforms.ActiveCfg = Debug|Any CPU
		{EB1CF1F1-F3F1-438B-B645-F24C86574454}.Debug|Mixed Platforms.Build.0 = Debug|Any CPU
		{EB1CF1F1-F3F1-438B-B645-F24C86574454}.Debug|x86.ActiveCfg = Debug|Any CPU
		{EB1CF1F1-F3F1-438B-B645-F24C86574454}.net_2_0_Debug|Any CPU.ActiveCfg = Debug|Any CPU
		{EB1CF1F1-F3F1-438B-B645-F24C86574454}.net_2_0_Debug|Any CPU.Build.0 = Debug|Any CPU
		{EB1CF1F1-F3F1-438B-B645-F24C86574454}.net_2_0_Debug|Mixed Platforms.ActiveCfg = Debug|Any CPU
		{EB1CF1F1-F3F1-438B-B645-F24C86574454}.net_2_0_Debug|Mixed Platforms.Build.0 = Debug|Any CPU
		{EB1CF1F1-F3F1-438B-B645-F24C86574454}.net_2_0_Debug|x86.ActiveCfg = Debug|Any CPU
		{EB1CF1F1-F3F1-438B-B645-F24C86574454}.net_2_0_Release|Any CPU.ActiveCfg = Release|Any CPU
		{EB1CF1F1-F3F1-438B-B645-F24C86574454}.net_2_0_Release|Any CPU.Build.0 = Release|Any CPU
		{EB1CF1F1-F3F1-438B-B645-F24C86574454}.net_2_0_Release|Mixed Platforms.ActiveCfg = Release|Any CPU
		{EB1CF1F1-F3F1-438B-B645-F24C86574454}.net_2_0_Release|Mixed Platforms.Build.0 = Release|Any CPU
		{EB1CF1F1-F3F1-438B-B645-F24C86574454}.net_2_0_Release|x86.ActiveCfg = Release|Any CPU
		{EB1CF1F1-F3F1-438B-B645-F24C86574454}.net_3_5_Debug|Any CPU.ActiveCfg = Debug|Any CPU
		{EB1CF1F1-F3F1-438B-B645-F24C86574454}.net_3_5_Debug|Any CPU.Build.0 = Debug|Any CPU
		{EB1CF1F1-F3F1-438B-B645-F24C86574454}.net_3_5_Debug|Mixed Platforms.ActiveCfg = Debug|Any CPU
		{EB1CF1F1-F3F1-438B-B645-F24C86574454}.net_3_5_Debug|Mixed Platforms.Build.0 = Debug|Any CPU
		{EB1CF1F1-F3F1-438B-B645-F24C86574454}.net_3_5_Debug|x86.ActiveCfg = Debug|Any CPU
		{EB1CF1F1-F3F1-438B-B645-F24C86574454}.net_3_5_Release|Any CPU.ActiveCfg = Release|Any CPU
		{EB1CF1F1-F3F1-438B-B645-F24C86574454}.net_3_5_Release|Any CPU.Build.0 = Release|Any CPU
		{EB1CF1F1-F3F1-438B-B645-F24C86574454}.net_3_5_Release|Mixed Platforms.ActiveCfg = Release|Any CPU
		{EB1CF1F1-F3F1-438B-B645-F24C86574454}.net_3_5_Release|Mixed Platforms.Build.0 = Release|Any CPU
		{EB1CF1F1-F3F1-438B-B645-F24C86574454}.net_3_5_Release|x86.ActiveCfg = Release|Any CPU
		{EB1CF1F1-F3F1-438B-B645-F24C86574454}.net_4_0_Debug|Any CPU.ActiveCfg = Debug|Any CPU
		{EB1CF1F1-F3F1-438B-B645-F24C86574454}.net_4_0_Debug|Any CPU.Build.0 = Debug|Any CPU
		{EB1CF1F1-F3F1-438B-B645-F24C86574454}.net_4_0_Debug|Mixed Platforms.ActiveCfg = Debug|Any CPU
		{EB1CF1F1-F3F1-438B-B645-F24C86574454}.net_4_0_Debug|Mixed Platforms.Build.0 = Debug|Any CPU
		{EB1CF1F1-F3F1-438B-B645-F24C86574454}.net_4_0_Debug|x86.ActiveCfg = Debug|Any CPU
		{EB1CF1F1-F3F1-438B-B645-F24C86574454}.net_4_0_Release|Any CPU.ActiveCfg = Release|Any CPU
		{EB1CF1F1-F3F1-438B-B645-F24C86574454}.net_4_0_Release|Any CPU.Build.0 = Release|Any CPU
		{EB1CF1F1-F3F1-438B-B645-F24C86574454}.net_4_0_Release|Mixed Platforms.ActiveCfg = Release|Any CPU
		{EB1CF1F1-F3F1-438B-B645-F24C86574454}.net_4_0_Release|Mixed Platforms.Build.0 = Release|Any CPU
		{EB1CF1F1-F3F1-438B-B645-F24C86574454}.net_4_0_Release|x86.ActiveCfg = Release|Any CPU
		{EB1CF1F1-F3F1-438B-B645-F24C86574454}.Release|Any CPU.ActiveCfg = Release|Any CPU
		{EB1CF1F1-F3F1-438B-B645-F24C86574454}.Release|Any CPU.Build.0 = Release|Any CPU
		{EB1CF1F1-F3F1-438B-B645-F24C86574454}.Release|Mixed Platforms.ActiveCfg = Release|Any CPU
		{EB1CF1F1-F3F1-438B-B645-F24C86574454}.Release|Mixed Platforms.Build.0 = Release|Any CPU
		{EB1CF1F1-F3F1-438B-B645-F24C86574454}.Release|x86.ActiveCfg = Release|Any CPU
		{EB1CF1F1-F3F1-438B-B645-F24C86574454}.silverlight_Debug|Any CPU.ActiveCfg = Debug|Any CPU
		{EB1CF1F1-F3F1-438B-B645-F24C86574454}.silverlight_Debug|Any CPU.Build.0 = Debug|Any CPU
		{EB1CF1F1-F3F1-438B-B645-F24C86574454}.silverlight_Debug|Mixed Platforms.ActiveCfg = Debug|Any CPU
		{EB1CF1F1-F3F1-438B-B645-F24C86574454}.silverlight_Debug|Mixed Platforms.Build.0 = Debug|Any CPU
		{EB1CF1F1-F3F1-438B-B645-F24C86574454}.silverlight_Debug|x86.ActiveCfg = Debug|Any CPU
		{EB1CF1F1-F3F1-438B-B645-F24C86574454}.silverlight_Release|Any CPU.ActiveCfg = Release|Any CPU
		{EB1CF1F1-F3F1-438B-B645-F24C86574454}.silverlight_Release|Any CPU.Build.0 = Release|Any CPU
		{EB1CF1F1-F3F1-438B-B645-F24C86574454}.silverlight_Release|Mixed Platforms.ActiveCfg = Release|Any CPU
		{EB1CF1F1-F3F1-438B-B645-F24C86574454}.silverlight_Release|Mixed Platforms.Build.0 = Release|Any CPU
		{EB1CF1F1-F3F1-438B-B645-F24C86574454}.silverlight_Release|x86.ActiveCfg = Release|Any CPU
		{EB1CF1F1-F3F1-438B-B645-F24C86574454}.winphone_Debug|Any CPU.ActiveCfg = Debug|Any CPU
		{EB1CF1F1-F3F1-438B-B645-F24C86574454}.winphone_Debug|Any CPU.Build.0 = Debug|Any CPU
		{EB1CF1F1-F3F1-438B-B645-F24C86574454}.winphone_Debug|Mixed Platforms.ActiveCfg = Debug|Any CPU
		{EB1CF1F1-F3F1-438B-B645-F24C86574454}.winphone_Debug|Mixed Platforms.Build.0 = Debug|Any CPU
		{EB1CF1F1-F3F1-438B-B645-F24C86574454}.winphone_Debug|x86.ActiveCfg = Debug|Any CPU
		{EB1CF1F1-F3F1-438B-B645-F24C86574454}.winphone_Release|Any CPU.ActiveCfg = Release|Any CPU
		{EB1CF1F1-F3F1-438B-B645-F24C86574454}.winphone_Release|Any CPU.Build.0 = Release|Any CPU
		{EB1CF1F1-F3F1-438B-B645-F24C86574454}.winphone_Release|Mixed Platforms.ActiveCfg = Release|Any CPU
		{EB1CF1F1-F3F1-438B-B645-F24C86574454}.winphone_Release|Mixed Platforms.Build.0 = Release|Any CPU
		{EB1CF1F1-F3F1-438B-B645-F24C86574454}.winphone_Release|x86.ActiveCfg = Release|Any CPU
		{8A549CC3-55AC-46F8-9BC9-83E0804D87B9}.Debug|Any CPU.ActiveCfg = Debug|Any CPU
		{8A549CC3-55AC-46F8-9BC9-83E0804D87B9}.Debug|Any CPU.Build.0 = Debug|Any CPU
		{8A549CC3-55AC-46F8-9BC9-83E0804D87B9}.Debug|Mixed Platforms.ActiveCfg = Debug|Any CPU
		{8A549CC3-55AC-46F8-9BC9-83E0804D87B9}.Debug|Mixed Platforms.Build.0 = Debug|Any CPU
		{8A549CC3-55AC-46F8-9BC9-83E0804D87B9}.Debug|x86.ActiveCfg = Debug|x86
		{8A549CC3-55AC-46F8-9BC9-83E0804D87B9}.Debug|x86.Build.0 = Debug|x86
		{8A549CC3-55AC-46F8-9BC9-83E0804D87B9}.net_2_0_Debug|Any CPU.ActiveCfg = Debug|Any CPU
		{8A549CC3-55AC-46F8-9BC9-83E0804D87B9}.net_2_0_Debug|Any CPU.Build.0 = Debug|Any CPU
		{8A549CC3-55AC-46F8-9BC9-83E0804D87B9}.net_2_0_Debug|Mixed Platforms.ActiveCfg = Debug|Any CPU
		{8A549CC3-55AC-46F8-9BC9-83E0804D87B9}.net_2_0_Debug|Mixed Platforms.Build.0 = Debug|Any CPU
		{8A549CC3-55AC-46F8-9BC9-83E0804D87B9}.net_2_0_Debug|x86.ActiveCfg = Debug|x86
		{8A549CC3-55AC-46F8-9BC9-83E0804D87B9}.net_2_0_Debug|x86.Build.0 = Debug|x86
		{8A549CC3-55AC-46F8-9BC9-83E0804D87B9}.net_2_0_Release|Any CPU.ActiveCfg = Release|Any CPU
		{8A549CC3-55AC-46F8-9BC9-83E0804D87B9}.net_2_0_Release|Any CPU.Build.0 = Release|Any CPU
		{8A549CC3-55AC-46F8-9BC9-83E0804D87B9}.net_2_0_Release|Mixed Platforms.ActiveCfg = Release|Any CPU
		{8A549CC3-55AC-46F8-9BC9-83E0804D87B9}.net_2_0_Release|Mixed Platforms.Build.0 = Release|Any CPU
		{8A549CC3-55AC-46F8-9BC9-83E0804D87B9}.net_2_0_Release|x86.ActiveCfg = Release|x86
		{8A549CC3-55AC-46F8-9BC9-83E0804D87B9}.net_2_0_Release|x86.Build.0 = Release|x86
		{8A549CC3-55AC-46F8-9BC9-83E0804D87B9}.net_3_5_Debug|Any CPU.ActiveCfg = Debug|Any CPU
		{8A549CC3-55AC-46F8-9BC9-83E0804D87B9}.net_3_5_Debug|Any CPU.Build.0 = Debug|Any CPU
		{8A549CC3-55AC-46F8-9BC9-83E0804D87B9}.net_3_5_Debug|Mixed Platforms.ActiveCfg = Debug|Any CPU
		{8A549CC3-55AC-46F8-9BC9-83E0804D87B9}.net_3_5_Debug|Mixed Platforms.Build.0 = Debug|Any CPU
		{8A549CC3-55AC-46F8-9BC9-83E0804D87B9}.net_3_5_Debug|x86.ActiveCfg = Debug|x86
		{8A549CC3-55AC-46F8-9BC9-83E0804D87B9}.net_3_5_Debug|x86.Build.0 = Debug|x86
		{8A549CC3-55AC-46F8-9BC9-83E0804D87B9}.net_3_5_Release|Any CPU.ActiveCfg = Release|Any CPU
		{8A549CC3-55AC-46F8-9BC9-83E0804D87B9}.net_3_5_Release|Any CPU.Build.0 = Release|Any CPU
		{8A549CC3-55AC-46F8-9BC9-83E0804D87B9}.net_3_5_Release|Mixed Platforms.ActiveCfg = Release|Any CPU
		{8A549CC3-55AC-46F8-9BC9-83E0804D87B9}.net_3_5_Release|Mixed Platforms.Build.0 = Release|Any CPU
		{8A549CC3-55AC-46F8-9BC9-83E0804D87B9}.net_3_5_Release|x86.ActiveCfg = Release|x86
		{8A549CC3-55AC-46F8-9BC9-83E0804D87B9}.net_3_5_Release|x86.Build.0 = Release|x86
		{8A549CC3-55AC-46F8-9BC9-83E0804D87B9}.net_4_0_Debug|Any CPU.ActiveCfg = Debug|Any CPU
		{8A549CC3-55AC-46F8-9BC9-83E0804D87B9}.net_4_0_Debug|Any CPU.Build.0 = Debug|Any CPU
		{8A549CC3-55AC-46F8-9BC9-83E0804D87B9}.net_4_0_Debug|Mixed Platforms.ActiveCfg = Debug|Any CPU
		{8A549CC3-55AC-46F8-9BC9-83E0804D87B9}.net_4_0_Debug|Mixed Platforms.Build.0 = Debug|Any CPU
		{8A549CC3-55AC-46F8-9BC9-83E0804D87B9}.net_4_0_Debug|x86.ActiveCfg = Debug|x86
		{8A549CC3-55AC-46F8-9BC9-83E0804D87B9}.net_4_0_Debug|x86.Build.0 = Debug|x86
		{8A549CC3-55AC-46F8-9BC9-83E0804D87B9}.net_4_0_Release|Any CPU.ActiveCfg = Release|Any CPU
		{8A549CC3-55AC-46F8-9BC9-83E0804D87B9}.net_4_0_Release|Any CPU.Build.0 = Release|Any CPU
		{8A549CC3-55AC-46F8-9BC9-83E0804D87B9}.net_4_0_Release|Mixed Platforms.ActiveCfg = Release|Any CPU
		{8A549CC3-55AC-46F8-9BC9-83E0804D87B9}.net_4_0_Release|Mixed Platforms.Build.0 = Release|Any CPU
		{8A549CC3-55AC-46F8-9BC9-83E0804D87B9}.net_4_0_Release|x86.ActiveCfg = Release|x86
		{8A549CC3-55AC-46F8-9BC9-83E0804D87B9}.net_4_0_Release|x86.Build.0 = Release|x86
		{8A549CC3-55AC-46F8-9BC9-83E0804D87B9}.Release|Any CPU.ActiveCfg = Release|Any CPU
		{8A549CC3-55AC-46F8-9BC9-83E0804D87B9}.Release|Any CPU.Build.0 = Release|Any CPU
		{8A549CC3-55AC-46F8-9BC9-83E0804D87B9}.Release|Mixed Platforms.ActiveCfg = Release|Any CPU
		{8A549CC3-55AC-46F8-9BC9-83E0804D87B9}.Release|Mixed Platforms.Build.0 = Release|Any CPU
		{8A549CC3-55AC-46F8-9BC9-83E0804D87B9}.Release|x86.ActiveCfg = Release|x86
		{8A549CC3-55AC-46F8-9BC9-83E0804D87B9}.Release|x86.Build.0 = Release|x86
		{8A549CC3-55AC-46F8-9BC9-83E0804D87B9}.silverlight_Debug|Any CPU.ActiveCfg = Debug|Any CPU
		{8A549CC3-55AC-46F8-9BC9-83E0804D87B9}.silverlight_Debug|Any CPU.Build.0 = Debug|Any CPU
		{8A549CC3-55AC-46F8-9BC9-83E0804D87B9}.silverlight_Debug|Mixed Platforms.ActiveCfg = Debug|Any CPU
		{8A549CC3-55AC-46F8-9BC9-83E0804D87B9}.silverlight_Debug|Mixed Platforms.Build.0 = Debug|Any CPU
		{8A549CC3-55AC-46F8-9BC9-83E0804D87B9}.silverlight_Debug|x86.ActiveCfg = Debug|x86
		{8A549CC3-55AC-46F8-9BC9-83E0804D87B9}.silverlight_Debug|x86.Build.0 = Debug|x86
		{8A549CC3-55AC-46F8-9BC9-83E0804D87B9}.silverlight_Release|Any CPU.ActiveCfg = Release|Any CPU
		{8A549CC3-55AC-46F8-9BC9-83E0804D87B9}.silverlight_Release|Any CPU.Build.0 = Release|Any CPU
		{8A549CC3-55AC-46F8-9BC9-83E0804D87B9}.silverlight_Release|Mixed Platforms.ActiveCfg = Release|Any CPU
		{8A549CC3-55AC-46F8-9BC9-83E0804D87B9}.silverlight_Release|Mixed Platforms.Build.0 = Release|Any CPU
		{8A549CC3-55AC-46F8-9BC9-83E0804D87B9}.silverlight_Release|x86.ActiveCfg = Release|x86
		{8A549CC3-55AC-46F8-9BC9-83E0804D87B9}.silverlight_Release|x86.Build.0 = Release|x86
		{8A549CC3-55AC-46F8-9BC9-83E0804D87B9}.winphone_Debug|Any CPU.ActiveCfg = Debug|Any CPU
		{8A549CC3-55AC-46F8-9BC9-83E0804D87B9}.winphone_Debug|Any CPU.Build.0 = Debug|Any CPU
		{8A549CC3-55AC-46F8-9BC9-83E0804D87B9}.winphone_Debug|Mixed Platforms.ActiveCfg = Debug|Any CPU
		{8A549CC3-55AC-46F8-9BC9-83E0804D87B9}.winphone_Debug|Mixed Platforms.Build.0 = Debug|Any CPU
		{8A549CC3-55AC-46F8-9BC9-83E0804D87B9}.winphone_Debug|x86.ActiveCfg = Debug|x86
		{8A549CC3-55AC-46F8-9BC9-83E0804D87B9}.winphone_Debug|x86.Build.0 = Debug|x86
		{8A549CC3-55AC-46F8-9BC9-83E0804D87B9}.winphone_Release|Any CPU.ActiveCfg = Release|Any CPU
		{8A549CC3-55AC-46F8-9BC9-83E0804D87B9}.winphone_Release|Any CPU.Build.0 = Release|Any CPU
		{8A549CC3-55AC-46F8-9BC9-83E0804D87B9}.winphone_Release|Mixed Platforms.ActiveCfg = Release|Any CPU
		{8A549CC3-55AC-46F8-9BC9-83E0804D87B9}.winphone_Release|Mixed Platforms.Build.0 = Release|Any CPU
		{8A549CC3-55AC-46F8-9BC9-83E0804D87B9}.winphone_Release|x86.ActiveCfg = Release|x86
		{8A549CC3-55AC-46F8-9BC9-83E0804D87B9}.winphone_Release|x86.Build.0 = Release|x86
		{FBD84077-9D35-41FE-89DF-8D79EFE0B595}.Debug|Any CPU.ActiveCfg = Debug|Any CPU
		{FBD84077-9D35-41FE-89DF-8D79EFE0B595}.Debug|Any CPU.Build.0 = Debug|Any CPU
		{FBD84077-9D35-41FE-89DF-8D79EFE0B595}.Debug|Mixed Platforms.ActiveCfg = Debug|Any CPU
		{FBD84077-9D35-41FE-89DF-8D79EFE0B595}.Debug|Mixed Platforms.Build.0 = Debug|Any CPU
		{FBD84077-9D35-41FE-89DF-8D79EFE0B595}.Debug|x86.ActiveCfg = Debug|Any CPU
		{FBD84077-9D35-41FE-89DF-8D79EFE0B595}.net_2_0_Debug|Any CPU.ActiveCfg = Debug|Any CPU
		{FBD84077-9D35-41FE-89DF-8D79EFE0B595}.net_2_0_Debug|Any CPU.Build.0 = Debug|Any CPU
		{FBD84077-9D35-41FE-89DF-8D79EFE0B595}.net_2_0_Debug|Mixed Platforms.ActiveCfg = Debug|Any CPU
		{FBD84077-9D35-41FE-89DF-8D79EFE0B595}.net_2_0_Debug|Mixed Platforms.Build.0 = Debug|Any CPU
		{FBD84077-9D35-41FE-89DF-8D79EFE0B595}.net_2_0_Debug|x86.ActiveCfg = Debug|Any CPU
		{FBD84077-9D35-41FE-89DF-8D79EFE0B595}.net_2_0_Release|Any CPU.ActiveCfg = Release|Any CPU
		{FBD84077-9D35-41FE-89DF-8D79EFE0B595}.net_2_0_Release|Any CPU.Build.0 = Release|Any CPU
		{FBD84077-9D35-41FE-89DF-8D79EFE0B595}.net_2_0_Release|Mixed Platforms.ActiveCfg = Release|Any CPU
		{FBD84077-9D35-41FE-89DF-8D79EFE0B595}.net_2_0_Release|Mixed Platforms.Build.0 = Release|Any CPU
		{FBD84077-9D35-41FE-89DF-8D79EFE0B595}.net_2_0_Release|x86.ActiveCfg = Release|Any CPU
		{FBD84077-9D35-41FE-89DF-8D79EFE0B595}.net_3_5_Debug|Any CPU.ActiveCfg = Debug|Any CPU
		{FBD84077-9D35-41FE-89DF-8D79EFE0B595}.net_3_5_Debug|Any CPU.Build.0 = Debug|Any CPU
		{FBD84077-9D35-41FE-89DF-8D79EFE0B595}.net_3_5_Debug|Mixed Platforms.ActiveCfg = Debug|Any CPU
		{FBD84077-9D35-41FE-89DF-8D79EFE0B595}.net_3_5_Debug|Mixed Platforms.Build.0 = Debug|Any CPU
		{FBD84077-9D35-41FE-89DF-8D79EFE0B595}.net_3_5_Debug|x86.ActiveCfg = Debug|Any CPU
		{FBD84077-9D35-41FE-89DF-8D79EFE0B595}.net_3_5_Release|Any CPU.ActiveCfg = Release|Any CPU
		{FBD84077-9D35-41FE-89DF-8D79EFE0B595}.net_3_5_Release|Any CPU.Build.0 = Release|Any CPU
		{FBD84077-9D35-41FE-89DF-8D79EFE0B595}.net_3_5_Release|Mixed Platforms.ActiveCfg = Release|Any CPU
		{FBD84077-9D35-41FE-89DF-8D79EFE0B595}.net_3_5_Release|Mixed Platforms.Build.0 = Release|Any CPU
		{FBD84077-9D35-41FE-89DF-8D79EFE0B595}.net_3_5_Release|x86.ActiveCfg = Release|Any CPU
		{FBD84077-9D35-41FE-89DF-8D79EFE0B595}.net_4_0_Debug|Any CPU.ActiveCfg = Debug|Any CPU
		{FBD84077-9D35-41FE-89DF-8D79EFE0B595}.net_4_0_Debug|Any CPU.Build.0 = Debug|Any CPU
		{FBD84077-9D35-41FE-89DF-8D79EFE0B595}.net_4_0_Debug|Mixed Platforms.ActiveCfg = Debug|Any CPU
		{FBD84077-9D35-41FE-89DF-8D79EFE0B595}.net_4_0_Debug|Mixed Platforms.Build.0 = Debug|Any CPU
		{FBD84077-9D35-41FE-89DF-8D79EFE0B595}.net_4_0_Debug|x86.ActiveCfg = Debug|Any CPU
		{FBD84077-9D35-41FE-89DF-8D79EFE0B595}.net_4_0_Release|Any CPU.ActiveCfg = Release|Any CPU
		{FBD84077-9D35-41FE-89DF-8D79EFE0B595}.net_4_0_Release|Any CPU.Build.0 = Release|Any CPU
		{FBD84077-9D35-41FE-89DF-8D79EFE0B595}.net_4_0_Release|Mixed Platforms.ActiveCfg = Release|Any CPU
		{FBD84077-9D35-41FE-89DF-8D79EFE0B595}.net_4_0_Release|Mixed Platforms.Build.0 = Release|Any CPU
		{FBD84077-9D35-41FE-89DF-8D79EFE0B595}.net_4_0_Release|x86.ActiveCfg = Release|Any CPU
		{FBD84077-9D35-41FE-89DF-8D79EFE0B595}.Release|Any CPU.ActiveCfg = Release|Any CPU
		{FBD84077-9D35-41FE-89DF-8D79EFE0B595}.Release|Any CPU.Build.0 = Release|Any CPU
		{FBD84077-9D35-41FE-89DF-8D79EFE0B595}.Release|Mixed Platforms.ActiveCfg = Release|Any CPU
		{FBD84077-9D35-41FE-89DF-8D79EFE0B595}.Release|Mixed Platforms.Build.0 = Release|Any CPU
		{FBD84077-9D35-41FE-89DF-8D79EFE0B595}.Release|x86.ActiveCfg = Release|Any CPU
		{FBD84077-9D35-41FE-89DF-8D79EFE0B595}.silverlight_Debug|Any CPU.ActiveCfg = Debug|Any CPU
		{FBD84077-9D35-41FE-89DF-8D79EFE0B595}.silverlight_Debug|Any CPU.Build.0 = Debug|Any CPU
		{FBD84077-9D35-41FE-89DF-8D79EFE0B595}.silverlight_Debug|Mixed Platforms.ActiveCfg = Debug|Any CPU
		{FBD84077-9D35-41FE-89DF-8D79EFE0B595}.silverlight_Debug|Mixed Platforms.Build.0 = Debug|Any CPU
		{FBD84077-9D35-41FE-89DF-8D79EFE0B595}.silverlight_Debug|x86.ActiveCfg = Debug|Any CPU
		{FBD84077-9D35-41FE-89DF-8D79EFE0B595}.silverlight_Release|Any CPU.ActiveCfg = Release|Any CPU
		{FBD84077-9D35-41FE-89DF-8D79EFE0B595}.silverlight_Release|Any CPU.Build.0 = Release|Any CPU
		{FBD84077-9D35-41FE-89DF-8D79EFE0B595}.silverlight_Release|Mixed Platforms.ActiveCfg = Release|Any CPU
		{FBD84077-9D35-41FE-89DF-8D79EFE0B595}.silverlight_Release|Mixed Platforms.Build.0 = Release|Any CPU
		{FBD84077-9D35-41FE-89DF-8D79EFE0B595}.silverlight_Release|x86.ActiveCfg = Release|Any CPU
		{FBD84077-9D35-41FE-89DF-8D79EFE0B595}.winphone_Debug|Any CPU.ActiveCfg = Debug|Any CPU
		{FBD84077-9D35-41FE-89DF-8D79EFE0B595}.winphone_Debug|Any CPU.Build.0 = Debug|Any CPU
		{FBD84077-9D35-41FE-89DF-8D79EFE0B595}.winphone_Debug|Mixed Platforms.ActiveCfg = Debug|Any CPU
		{FBD84077-9D35-41FE-89DF-8D79EFE0B595}.winphone_Debug|Mixed Platforms.Build.0 = Debug|Any CPU
		{FBD84077-9D35-41FE-89DF-8D79EFE0B595}.winphone_Debug|x86.ActiveCfg = Debug|Any CPU
		{FBD84077-9D35-41FE-89DF-8D79EFE0B595}.winphone_Release|Any CPU.ActiveCfg = Release|Any CPU
		{FBD84077-9D35-41FE-89DF-8D79EFE0B595}.winphone_Release|Any CPU.Build.0 = Release|Any CPU
		{FBD84077-9D35-41FE-89DF-8D79EFE0B595}.winphone_Release|Mixed Platforms.ActiveCfg = Release|Any CPU
		{FBD84077-9D35-41FE-89DF-8D79EFE0B595}.winphone_Release|Mixed Platforms.Build.0 = Release|Any CPU
		{FBD84077-9D35-41FE-89DF-8D79EFE0B595}.winphone_Release|x86.ActiveCfg = Release|Any CPU
		{045B96F2-AF80-4C4C-8D27-E38635AC705E}.Debug|Any CPU.ActiveCfg = Debug|Any CPU
		{045B96F2-AF80-4C4C-8D27-E38635AC705E}.Debug|Any CPU.Build.0 = Debug|Any CPU
		{045B96F2-AF80-4C4C-8D27-E38635AC705E}.Debug|Mixed Platforms.ActiveCfg = Debug|Any CPU
		{045B96F2-AF80-4C4C-8D27-E38635AC705E}.Debug|Mixed Platforms.Build.0 = Debug|Any CPU
		{045B96F2-AF80-4C4C-8D27-E38635AC705E}.Debug|x86.ActiveCfg = Debug|Any CPU
		{045B96F2-AF80-4C4C-8D27-E38635AC705E}.net_2_0_Debug|Any CPU.ActiveCfg = Debug|Any CPU
		{045B96F2-AF80-4C4C-8D27-E38635AC705E}.net_2_0_Debug|Any CPU.Build.0 = Debug|Any CPU
		{045B96F2-AF80-4C4C-8D27-E38635AC705E}.net_2_0_Debug|Mixed Platforms.ActiveCfg = Debug|Any CPU
		{045B96F2-AF80-4C4C-8D27-E38635AC705E}.net_2_0_Debug|Mixed Platforms.Build.0 = Debug|Any CPU
		{045B96F2-AF80-4C4C-8D27-E38635AC705E}.net_2_0_Debug|x86.ActiveCfg = Debug|Any CPU
		{045B96F2-AF80-4C4C-8D27-E38635AC705E}.net_2_0_Release|Any CPU.ActiveCfg = Release|Any CPU
		{045B96F2-AF80-4C4C-8D27-E38635AC705E}.net_2_0_Release|Any CPU.Build.0 = Release|Any CPU
		{045B96F2-AF80-4C4C-8D27-E38635AC705E}.net_2_0_Release|Mixed Platforms.ActiveCfg = Release|Any CPU
		{045B96F2-AF80-4C4C-8D27-E38635AC705E}.net_2_0_Release|Mixed Platforms.Build.0 = Release|Any CPU
		{045B96F2-AF80-4C4C-8D27-E38635AC705E}.net_2_0_Release|x86.ActiveCfg = Release|Any CPU
		{045B96F2-AF80-4C4C-8D27-E38635AC705E}.net_3_5_Debug|Any CPU.ActiveCfg = Debug|Any CPU
		{045B96F2-AF80-4C4C-8D27-E38635AC705E}.net_3_5_Debug|Any CPU.Build.0 = Debug|Any CPU
		{045B96F2-AF80-4C4C-8D27-E38635AC705E}.net_3_5_Debug|Mixed Platforms.ActiveCfg = Debug|Any CPU
		{045B96F2-AF80-4C4C-8D27-E38635AC705E}.net_3_5_Debug|Mixed Platforms.Build.0 = Debug|Any CPU
		{045B96F2-AF80-4C4C-8D27-E38635AC705E}.net_3_5_Debug|x86.ActiveCfg = Debug|Any CPU
		{045B96F2-AF80-4C4C-8D27-E38635AC705E}.net_3_5_Release|Any CPU.ActiveCfg = Release|Any CPU
		{045B96F2-AF80-4C4C-8D27-E38635AC705E}.net_3_5_Release|Any CPU.Build.0 = Release|Any CPU
		{045B96F2-AF80-4C4C-8D27-E38635AC705E}.net_3_5_Release|Mixed Platforms.ActiveCfg = Release|Any CPU
		{045B96F2-AF80-4C4C-8D27-E38635AC705E}.net_3_5_Release|Mixed Platforms.Build.0 = Release|Any CPU
		{045B96F2-AF80-4C4C-8D27-E38635AC705E}.net_3_5_Release|x86.ActiveCfg = Release|Any CPU
		{045B96F2-AF80-4C4C-8D27-E38635AC705E}.net_4_0_Debug|Any CPU.ActiveCfg = Debug|Any CPU
		{045B96F2-AF80-4C4C-8D27-E38635AC705E}.net_4_0_Debug|Any CPU.Build.0 = Debug|Any CPU
		{045B96F2-AF80-4C4C-8D27-E38635AC705E}.net_4_0_Debug|Mixed Platforms.ActiveCfg = Debug|Any CPU
		{045B96F2-AF80-4C4C-8D27-E38635AC705E}.net_4_0_Debug|Mixed Platforms.Build.0 = Debug|Any CPU
		{045B96F2-AF80-4C4C-8D27-E38635AC705E}.net_4_0_Debug|x86.ActiveCfg = Debug|Any CPU
		{045B96F2-AF80-4C4C-8D27-E38635AC705E}.net_4_0_Release|Any CPU.ActiveCfg = Release|Any CPU
		{045B96F2-AF80-4C4C-8D27-E38635AC705E}.net_4_0_Release|Any CPU.Build.0 = Release|Any CPU
		{045B96F2-AF80-4C4C-8D27-E38635AC705E}.net_4_0_Release|Mixed Platforms.ActiveCfg = Release|Any CPU
		{045B96F2-AF80-4C4C-8D27-E38635AC705E}.net_4_0_Release|Mixed Platforms.Build.0 = Release|Any CPU
		{045B96F2-AF80-4C4C-8D27-E38635AC705E}.net_4_0_Release|x86.ActiveCfg = Release|Any CPU
		{045B96F2-AF80-4C4C-8D27-E38635AC705E}.Release|Any CPU.ActiveCfg = Release|Any CPU
		{045B96F2-AF80-4C4C-8D27-E38635AC705E}.Release|Any CPU.Build.0 = Release|Any CPU
		{045B96F2-AF80-4C4C-8D27-E38635AC705E}.Release|Mixed Platforms.ActiveCfg = Release|Any CPU
		{045B96F2-AF80-4C4C-8D27-E38635AC705E}.Release|Mixed Platforms.Build.0 = Release|Any CPU
		{045B96F2-AF80-4C4C-8D27-E38635AC705E}.Release|x86.ActiveCfg = Release|Any CPU
		{045B96F2-AF80-4C4C-8D27-E38635AC705E}.silverlight_Debug|Any CPU.ActiveCfg = Debug|Any CPU
		{045B96F2-AF80-4C4C-8D27-E38635AC705E}.silverlight_Debug|Any CPU.Build.0 = Debug|Any CPU
		{045B96F2-AF80-4C4C-8D27-E38635AC705E}.silverlight_Debug|Mixed Platforms.ActiveCfg = Debug|Any CPU
		{045B96F2-AF80-4C4C-8D27-E38635AC705E}.silverlight_Debug|Mixed Platforms.Build.0 = Debug|Any CPU
		{045B96F2-AF80-4C4C-8D27-E38635AC705E}.silverlight_Debug|x86.ActiveCfg = Debug|Any CPU
		{045B96F2-AF80-4C4C-8D27-E38635AC705E}.silverlight_Release|Any CPU.ActiveCfg = Release|Any CPU
		{045B96F2-AF80-4C4C-8D27-E38635AC705E}.silverlight_Release|Any CPU.Build.0 = Release|Any CPU
		{045B96F2-AF80-4C4C-8D27-E38635AC705E}.silverlight_Release|Mixed Platforms.ActiveCfg = Release|Any CPU
		{045B96F2-AF80-4C4C-8D27-E38635AC705E}.silverlight_Release|Mixed Platforms.Build.0 = Release|Any CPU
		{045B96F2-AF80-4C4C-8D27-E38635AC705E}.silverlight_Release|x86.ActiveCfg = Release|Any CPU
		{045B96F2-AF80-4C4C-8D27-E38635AC705E}.winphone_Debug|Any CPU.ActiveCfg = Debug|Any CPU
		{045B96F2-AF80-4C4C-8D27-E38635AC705E}.winphone_Debug|Any CPU.Build.0 = Debug|Any CPU
		{045B96F2-AF80-4C4C-8D27-E38635AC705E}.winphone_Debug|Mixed Platforms.ActiveCfg = Debug|Any CPU
		{045B96F2-AF80-4C4C-8D27-E38635AC705E}.winphone_Debug|Mixed Platforms.Build.0 = Debug|Any CPU
		{045B96F2-AF80-4C4C-8D27-E38635AC705E}.winphone_Debug|x86.ActiveCfg = Debug|Any CPU
		{045B96F2-AF80-4C4C-8D27-E38635AC705E}.winphone_Release|Any CPU.ActiveCfg = Release|Any CPU
		{045B96F2-AF80-4C4C-8D27-E38635AC705E}.winphone_Release|Any CPU.Build.0 = Release|Any CPU
		{045B96F2-AF80-4C4C-8D27-E38635AC705E}.winphone_Release|Mixed Platforms.ActiveCfg = Release|Any CPU
		{045B96F2-AF80-4C4C-8D27-E38635AC705E}.winphone_Release|Mixed Platforms.Build.0 = Release|Any CPU
		{045B96F2-AF80-4C4C-8D27-E38635AC705E}.winphone_Release|x86.ActiveCfg = Release|Any CPU
		{4D10B9EB-3BF1-4D61-A389-CB019E8C9622}.Debug|Any CPU.ActiveCfg = Debug|Any CPU
		{4D10B9EB-3BF1-4D61-A389-CB019E8C9622}.Debug|Any CPU.Build.0 = Debug|Any CPU
		{4D10B9EB-3BF1-4D61-A389-CB019E8C9622}.Debug|Mixed Platforms.ActiveCfg = Debug|Any CPU
		{4D10B9EB-3BF1-4D61-A389-CB019E8C9622}.Debug|Mixed Platforms.Build.0 = Debug|Any CPU
		{4D10B9EB-3BF1-4D61-A389-CB019E8C9622}.Debug|x86.ActiveCfg = Debug|Any CPU
		{4D10B9EB-3BF1-4D61-A389-CB019E8C9622}.net_2_0_Debug|Any CPU.ActiveCfg = Debug|Any CPU
		{4D10B9EB-3BF1-4D61-A389-CB019E8C9622}.net_2_0_Debug|Any CPU.Build.0 = Debug|Any CPU
		{4D10B9EB-3BF1-4D61-A389-CB019E8C9622}.net_2_0_Debug|Mixed Platforms.ActiveCfg = Debug|Any CPU
		{4D10B9EB-3BF1-4D61-A389-CB019E8C9622}.net_2_0_Debug|Mixed Platforms.Build.0 = Debug|Any CPU
		{4D10B9EB-3BF1-4D61-A389-CB019E8C9622}.net_2_0_Debug|x86.ActiveCfg = Debug|Any CPU
		{4D10B9EB-3BF1-4D61-A389-CB019E8C9622}.net_2_0_Release|Any CPU.ActiveCfg = Release|Any CPU
		{4D10B9EB-3BF1-4D61-A389-CB019E8C9622}.net_2_0_Release|Any CPU.Build.0 = Release|Any CPU
		{4D10B9EB-3BF1-4D61-A389-CB019E8C9622}.net_2_0_Release|Mixed Platforms.ActiveCfg = Release|Any CPU
		{4D10B9EB-3BF1-4D61-A389-CB019E8C9622}.net_2_0_Release|Mixed Platforms.Build.0 = Release|Any CPU
		{4D10B9EB-3BF1-4D61-A389-CB019E8C9622}.net_2_0_Release|x86.ActiveCfg = Release|Any CPU
		{4D10B9EB-3BF1-4D61-A389-CB019E8C9622}.net_3_5_Debug|Any CPU.ActiveCfg = Debug|Any CPU
		{4D10B9EB-3BF1-4D61-A389-CB019E8C9622}.net_3_5_Debug|Any CPU.Build.0 = Debug|Any CPU
		{4D10B9EB-3BF1-4D61-A389-CB019E8C9622}.net_3_5_Debug|Mixed Platforms.ActiveCfg = Debug|Any CPU
		{4D10B9EB-3BF1-4D61-A389-CB019E8C9622}.net_3_5_Debug|Mixed Platforms.Build.0 = Debug|Any CPU
		{4D10B9EB-3BF1-4D61-A389-CB019E8C9622}.net_3_5_Debug|x86.ActiveCfg = Debug|Any CPU
		{4D10B9EB-3BF1-4D61-A389-CB019E8C9622}.net_3_5_Release|Any CPU.ActiveCfg = Release|Any CPU
		{4D10B9EB-3BF1-4D61-A389-CB019E8C9622}.net_3_5_Release|Any CPU.Build.0 = Release|Any CPU
		{4D10B9EB-3BF1-4D61-A389-CB019E8C9622}.net_3_5_Release|Mixed Platforms.ActiveCfg = Release|Any CPU
		{4D10B9EB-3BF1-4D61-A389-CB019E8C9622}.net_3_5_Release|Mixed Platforms.Build.0 = Release|Any CPU
		{4D10B9EB-3BF1-4D61-A389-CB019E8C9622}.net_3_5_Release|x86.ActiveCfg = Release|Any CPU
		{4D10B9EB-3BF1-4D61-A389-CB019E8C9622}.net_4_0_Debug|Any CPU.ActiveCfg = Debug|Any CPU
		{4D10B9EB-3BF1-4D61-A389-CB019E8C9622}.net_4_0_Debug|Any CPU.Build.0 = Debug|Any CPU
		{4D10B9EB-3BF1-4D61-A389-CB019E8C9622}.net_4_0_Debug|Mixed Platforms.ActiveCfg = Debug|Any CPU
		{4D10B9EB-3BF1-4D61-A389-CB019E8C9622}.net_4_0_Debug|Mixed Platforms.Build.0 = Debug|Any CPU
		{4D10B9EB-3BF1-4D61-A389-CB019E8C9622}.net_4_0_Debug|x86.ActiveCfg = Debug|Any CPU
		{4D10B9EB-3BF1-4D61-A389-CB019E8C9622}.net_4_0_Release|Any CPU.ActiveCfg = Release|Any CPU
		{4D10B9EB-3BF1-4D61-A389-CB019E8C9622}.net_4_0_Release|Any CPU.Build.0 = Release|Any CPU
		{4D10B9EB-3BF1-4D61-A389-CB019E8C9622}.net_4_0_Release|Mixed Platforms.ActiveCfg = Release|Any CPU
		{4D10B9EB-3BF1-4D61-A389-CB019E8C9622}.net_4_0_Release|Mixed Platforms.Build.0 = Release|Any CPU
		{4D10B9EB-3BF1-4D61-A389-CB019E8C9622}.net_4_0_Release|x86.ActiveCfg = Release|Any CPU
		{4D10B9EB-3BF1-4D61-A389-CB019E8C9622}.Release|Any CPU.ActiveCfg = Release|Any CPU
		{4D10B9EB-3BF1-4D61-A389-CB019E8C9622}.Release|Any CPU.Build.0 = Release|Any CPU
		{4D10B9EB-3BF1-4D61-A389-CB019E8C9622}.Release|Mixed Platforms.ActiveCfg = Release|Any CPU
		{4D10B9EB-3BF1-4D61-A389-CB019E8C9622}.Release|Mixed Platforms.Build.0 = Release|Any CPU
		{4D10B9EB-3BF1-4D61-A389-CB019E8C9622}.Release|x86.ActiveCfg = Release|Any CPU
		{4D10B9EB-3BF1-4D61-A389-CB019E8C9622}.silverlight_Debug|Any CPU.ActiveCfg = Debug|Any CPU
		{4D10B9EB-3BF1-4D61-A389-CB019E8C9622}.silverlight_Debug|Any CPU.Build.0 = Debug|Any CPU
		{4D10B9EB-3BF1-4D61-A389-CB019E8C9622}.silverlight_Debug|Mixed Platforms.ActiveCfg = Debug|Any CPU
		{4D10B9EB-3BF1-4D61-A389-CB019E8C9622}.silverlight_Debug|Mixed Platforms.Build.0 = Debug|Any CPU
		{4D10B9EB-3BF1-4D61-A389-CB019E8C9622}.silverlight_Debug|x86.ActiveCfg = Debug|Any CPU
		{4D10B9EB-3BF1-4D61-A389-CB019E8C9622}.silverlight_Release|Any CPU.ActiveCfg = Release|Any CPU
		{4D10B9EB-3BF1-4D61-A389-CB019E8C9622}.silverlight_Release|Any CPU.Build.0 = Release|Any CPU
		{4D10B9EB-3BF1-4D61-A389-CB019E8C9622}.silverlight_Release|Mixed Platforms.ActiveCfg = Release|Any CPU
		{4D10B9EB-3BF1-4D61-A389-CB019E8C9622}.silverlight_Release|Mixed Platforms.Build.0 = Release|Any CPU
		{4D10B9EB-3BF1-4D61-A389-CB019E8C9622}.silverlight_Release|x86.ActiveCfg = Release|Any CPU
		{4D10B9EB-3BF1-4D61-A389-CB019E8C9622}.winphone_Debug|Any CPU.ActiveCfg = Debug|Any CPU
		{4D10B9EB-3BF1-4D61-A389-CB019E8C9622}.winphone_Debug|Any CPU.Build.0 = Debug|Any CPU
		{4D10B9EB-3BF1-4D61-A389-CB019E8C9622}.winphone_Debug|Mixed Platforms.ActiveCfg = Debug|Any CPU
		{4D10B9EB-3BF1-4D61-A389-CB019E8C9622}.winphone_Debug|Mixed Platforms.Build.0 = Debug|Any CPU
		{4D10B9EB-3BF1-4D61-A389-CB019E8C9622}.winphone_Debug|x86.ActiveCfg = Debug|Any CPU
		{4D10B9EB-3BF1-4D61-A389-CB019E8C9622}.winphone_Release|Any CPU.ActiveCfg = Release|Any CPU
		{4D10B9EB-3BF1-4D61-A389-CB019E8C9622}.winphone_Release|Any CPU.Build.0 = Release|Any CPU
		{4D10B9EB-3BF1-4D61-A389-CB019E8C9622}.winphone_Release|Mixed Platforms.ActiveCfg = Release|Any CPU
		{4D10B9EB-3BF1-4D61-A389-CB019E8C9622}.winphone_Release|Mixed Platforms.Build.0 = Release|Any CPU
		{4D10B9EB-3BF1-4D61-A389-CB019E8C9622}.winphone_Release|x86.ActiveCfg = Release|Any CPU
		{5C93C5E2-196F-4877-BF65-96FEBFCEFCA1}.Debug|Any CPU.ActiveCfg = Debug|Any CPU
		{5C93C5E2-196F-4877-BF65-96FEBFCEFCA1}.Debug|Any CPU.Build.0 = Debug|Any CPU
		{5C93C5E2-196F-4877-BF65-96FEBFCEFCA1}.Debug|Mixed Platforms.ActiveCfg = Debug|Any CPU
		{5C93C5E2-196F-4877-BF65-96FEBFCEFCA1}.Debug|Mixed Platforms.Build.0 = Debug|Any CPU
		{5C93C5E2-196F-4877-BF65-96FEBFCEFCA1}.Debug|x86.ActiveCfg = Debug|Any CPU
		{5C93C5E2-196F-4877-BF65-96FEBFCEFCA1}.net_2_0_Debug|Any CPU.ActiveCfg = Debug|Any CPU
		{5C93C5E2-196F-4877-BF65-96FEBFCEFCA1}.net_2_0_Debug|Any CPU.Build.0 = Debug|Any CPU
		{5C93C5E2-196F-4877-BF65-96FEBFCEFCA1}.net_2_0_Debug|Mixed Platforms.ActiveCfg = Debug|Any CPU
		{5C93C5E2-196F-4877-BF65-96FEBFCEFCA1}.net_2_0_Debug|Mixed Platforms.Build.0 = Debug|Any CPU
		{5C93C5E2-196F-4877-BF65-96FEBFCEFCA1}.net_2_0_Debug|x86.ActiveCfg = Debug|Any CPU
		{5C93C5E2-196F-4877-BF65-96FEBFCEFCA1}.net_2_0_Release|Any CPU.ActiveCfg = Release|Any CPU
		{5C93C5E2-196F-4877-BF65-96FEBFCEFCA1}.net_2_0_Release|Any CPU.Build.0 = Release|Any CPU
		{5C93C5E2-196F-4877-BF65-96FEBFCEFCA1}.net_2_0_Release|Mixed Platforms.ActiveCfg = Release|Any CPU
		{5C93C5E2-196F-4877-BF65-96FEBFCEFCA1}.net_2_0_Release|Mixed Platforms.Build.0 = Release|Any CPU
		{5C93C5E2-196F-4877-BF65-96FEBFCEFCA1}.net_2_0_Release|x86.ActiveCfg = Release|Any CPU
		{5C93C5E2-196F-4877-BF65-96FEBFCEFCA1}.net_3_5_Debug|Any CPU.ActiveCfg = Debug|Any CPU
		{5C93C5E2-196F-4877-BF65-96FEBFCEFCA1}.net_3_5_Debug|Any CPU.Build.0 = Debug|Any CPU
		{5C93C5E2-196F-4877-BF65-96FEBFCEFCA1}.net_3_5_Debug|Mixed Platforms.ActiveCfg = Debug|Any CPU
		{5C93C5E2-196F-4877-BF65-96FEBFCEFCA1}.net_3_5_Debug|Mixed Platforms.Build.0 = Debug|Any CPU
		{5C93C5E2-196F-4877-BF65-96FEBFCEFCA1}.net_3_5_Debug|x86.ActiveCfg = Debug|Any CPU
		{5C93C5E2-196F-4877-BF65-96FEBFCEFCA1}.net_3_5_Release|Any CPU.ActiveCfg = Release|Any CPU
		{5C93C5E2-196F-4877-BF65-96FEBFCEFCA1}.net_3_5_Release|Any CPU.Build.0 = Release|Any CPU
		{5C93C5E2-196F-4877-BF65-96FEBFCEFCA1}.net_3_5_Release|Mixed Platforms.ActiveCfg = Release|Any CPU
		{5C93C5E2-196F-4877-BF65-96FEBFCEFCA1}.net_3_5_Release|Mixed Platforms.Build.0 = Release|Any CPU
		{5C93C5E2-196F-4877-BF65-96FEBFCEFCA1}.net_3_5_Release|x86.ActiveCfg = Release|Any CPU
		{5C93C5E2-196F-4877-BF65-96FEBFCEFCA1}.net_4_0_Debug|Any CPU.ActiveCfg = Debug|Any CPU
		{5C93C5E2-196F-4877-BF65-96FEBFCEFCA1}.net_4_0_Debug|Any CPU.Build.0 = Debug|Any CPU
		{5C93C5E2-196F-4877-BF65-96FEBFCEFCA1}.net_4_0_Debug|Mixed Platforms.ActiveCfg = Debug|Any CPU
		{5C93C5E2-196F-4877-BF65-96FEBFCEFCA1}.net_4_0_Debug|Mixed Platforms.Build.0 = Debug|Any CPU
		{5C93C5E2-196F-4877-BF65-96FEBFCEFCA1}.net_4_0_Debug|x86.ActiveCfg = Debug|Any CPU
		{5C93C5E2-196F-4877-BF65-96FEBFCEFCA1}.net_4_0_Release|Any CPU.ActiveCfg = Release|Any CPU
		{5C93C5E2-196F-4877-BF65-96FEBFCEFCA1}.net_4_0_Release|Any CPU.Build.0 = Release|Any CPU
		{5C93C5E2-196F-4877-BF65-96FEBFCEFCA1}.net_4_0_Release|Mixed Platforms.ActiveCfg = Release|Any CPU
		{5C93C5E2-196F-4877-BF65-96FEBFCEFCA1}.net_4_0_Release|Mixed Platforms.Build.0 = Release|Any CPU
		{5C93C5E2-196F-4877-BF65-96FEBFCEFCA1}.net_4_0_Release|x86.ActiveCfg = Release|Any CPU
		{5C93C5E2-196F-4877-BF65-96FEBFCEFCA1}.Release|Any CPU.ActiveCfg = Release|Any CPU
		{5C93C5E2-196F-4877-BF65-96FEBFCEFCA1}.Release|Any CPU.Build.0 = Release|Any CPU
		{5C93C5E2-196F-4877-BF65-96FEBFCEFCA1}.Release|Mixed Platforms.ActiveCfg = Release|Any CPU
		{5C93C5E2-196F-4877-BF65-96FEBFCEFCA1}.Release|Mixed Platforms.Build.0 = Release|Any CPU
		{5C93C5E2-196F-4877-BF65-96FEBFCEFCA1}.Release|x86.ActiveCfg = Release|Any CPU
		{5C93C5E2-196F-4877-BF65-96FEBFCEFCA1}.silverlight_Debug|Any CPU.ActiveCfg = Debug|Any CPU
		{5C93C5E2-196F-4877-BF65-96FEBFCEFCA1}.silverlight_Debug|Any CPU.Build.0 = Debug|Any CPU
		{5C93C5E2-196F-4877-BF65-96FEBFCEFCA1}.silverlight_Debug|Mixed Platforms.ActiveCfg = Debug|Any CPU
		{5C93C5E2-196F-4877-BF65-96FEBFCEFCA1}.silverlight_Debug|Mixed Platforms.Build.0 = Debug|Any CPU
		{5C93C5E2-196F-4877-BF65-96FEBFCEFCA1}.silverlight_Debug|x86.ActiveCfg = Debug|Any CPU
		{5C93C5E2-196F-4877-BF65-96FEBFCEFCA1}.silverlight_Release|Any CPU.ActiveCfg = Release|Any CPU
		{5C93C5E2-196F-4877-BF65-96FEBFCEFCA1}.silverlight_Release|Any CPU.Build.0 = Release|Any CPU
		{5C93C5E2-196F-4877-BF65-96FEBFCEFCA1}.silverlight_Release|Mixed Platforms.ActiveCfg = Release|Any CPU
		{5C93C5E2-196F-4877-BF65-96FEBFCEFCA1}.silverlight_Release|Mixed Platforms.Build.0 = Release|Any CPU
		{5C93C5E2-196F-4877-BF65-96FEBFCEFCA1}.silverlight_Release|x86.ActiveCfg = Release|Any CPU
		{5C93C5E2-196F-4877-BF65-96FEBFCEFCA1}.winphone_Debug|Any CPU.ActiveCfg = Debug|Any CPU
		{5C93C5E2-196F-4877-BF65-96FEBFCEFCA1}.winphone_Debug|Any CPU.Build.0 = Debug|Any CPU
		{5C93C5E2-196F-4877-BF65-96FEBFCEFCA1}.winphone_Debug|Mixed Platforms.ActiveCfg = Debug|Any CPU
		{5C93C5E2-196F-4877-BF65-96FEBFCEFCA1}.winphone_Debug|Mixed Platforms.Build.0 = Debug|Any CPU
		{5C93C5E2-196F-4877-BF65-96FEBFCEFCA1}.winphone_Debug|x86.ActiveCfg = Debug|Any CPU
		{5C93C5E2-196F-4877-BF65-96FEBFCEFCA1}.winphone_Release|Any CPU.ActiveCfg = Release|Any CPU
		{5C93C5E2-196F-4877-BF65-96FEBFCEFCA1}.winphone_Release|Any CPU.Build.0 = Release|Any CPU
		{5C93C5E2-196F-4877-BF65-96FEBFCEFCA1}.winphone_Release|Mixed Platforms.ActiveCfg = Release|Any CPU
		{5C93C5E2-196F-4877-BF65-96FEBFCEFCA1}.winphone_Release|Mixed Platforms.Build.0 = Release|Any CPU
		{5C93C5E2-196F-4877-BF65-96FEBFCEFCA1}.winphone_Release|x86.ActiveCfg = Release|Any CPU
		{0E7413FF-EB9E-4714-ACF2-BE3A6A7B2FFD}.Debug|Any CPU.ActiveCfg = Debug|Any CPU
		{0E7413FF-EB9E-4714-ACF2-BE3A6A7B2FFD}.Debug|Any CPU.Build.0 = Debug|Any CPU
		{0E7413FF-EB9E-4714-ACF2-BE3A6A7B2FFD}.Debug|Mixed Platforms.ActiveCfg = Debug|Any CPU
		{0E7413FF-EB9E-4714-ACF2-BE3A6A7B2FFD}.Debug|Mixed Platforms.Build.0 = Debug|Any CPU
		{0E7413FF-EB9E-4714-ACF2-BE3A6A7B2FFD}.Debug|x86.ActiveCfg = Debug|Any CPU
		{0E7413FF-EB9E-4714-ACF2-BE3A6A7B2FFD}.net_2_0_Debug|Any CPU.ActiveCfg = Debug|Any CPU
		{0E7413FF-EB9E-4714-ACF2-BE3A6A7B2FFD}.net_2_0_Debug|Any CPU.Build.0 = Debug|Any CPU
		{0E7413FF-EB9E-4714-ACF2-BE3A6A7B2FFD}.net_2_0_Debug|Mixed Platforms.ActiveCfg = Debug|Any CPU
		{0E7413FF-EB9E-4714-ACF2-BE3A6A7B2FFD}.net_2_0_Debug|Mixed Platforms.Build.0 = Debug|Any CPU
		{0E7413FF-EB9E-4714-ACF2-BE3A6A7B2FFD}.net_2_0_Debug|x86.ActiveCfg = Debug|Any CPU
		{0E7413FF-EB9E-4714-ACF2-BE3A6A7B2FFD}.net_2_0_Release|Any CPU.ActiveCfg = Release|Any CPU
		{0E7413FF-EB9E-4714-ACF2-BE3A6A7B2FFD}.net_2_0_Release|Any CPU.Build.0 = Release|Any CPU
		{0E7413FF-EB9E-4714-ACF2-BE3A6A7B2FFD}.net_2_0_Release|Mixed Platforms.ActiveCfg = Release|Any CPU
		{0E7413FF-EB9E-4714-ACF2-BE3A6A7B2FFD}.net_2_0_Release|Mixed Platforms.Build.0 = Release|Any CPU
		{0E7413FF-EB9E-4714-ACF2-BE3A6A7B2FFD}.net_2_0_Release|x86.ActiveCfg = Release|Any CPU
		{0E7413FF-EB9E-4714-ACF2-BE3A6A7B2FFD}.net_3_5_Debug|Any CPU.ActiveCfg = Debug|Any CPU
		{0E7413FF-EB9E-4714-ACF2-BE3A6A7B2FFD}.net_3_5_Debug|Any CPU.Build.0 = Debug|Any CPU
		{0E7413FF-EB9E-4714-ACF2-BE3A6A7B2FFD}.net_3_5_Debug|Mixed Platforms.ActiveCfg = Debug|Any CPU
		{0E7413FF-EB9E-4714-ACF2-BE3A6A7B2FFD}.net_3_5_Debug|Mixed Platforms.Build.0 = Debug|Any CPU
		{0E7413FF-EB9E-4714-ACF2-BE3A6A7B2FFD}.net_3_5_Debug|x86.ActiveCfg = Debug|Any CPU
		{0E7413FF-EB9E-4714-ACF2-BE3A6A7B2FFD}.net_3_5_Release|Any CPU.ActiveCfg = Release|Any CPU
		{0E7413FF-EB9E-4714-ACF2-BE3A6A7B2FFD}.net_3_5_Release|Any CPU.Build.0 = Release|Any CPU
		{0E7413FF-EB9E-4714-ACF2-BE3A6A7B2FFD}.net_3_5_Release|Mixed Platforms.ActiveCfg = Release|Any CPU
		{0E7413FF-EB9E-4714-ACF2-BE3A6A7B2FFD}.net_3_5_Release|Mixed Platforms.Build.0 = Release|Any CPU
		{0E7413FF-EB9E-4714-ACF2-BE3A6A7B2FFD}.net_3_5_Release|x86.ActiveCfg = Release|Any CPU
		{0E7413FF-EB9E-4714-ACF2-BE3A6A7B2FFD}.net_4_0_Debug|Any CPU.ActiveCfg = Debug|Any CPU
		{0E7413FF-EB9E-4714-ACF2-BE3A6A7B2FFD}.net_4_0_Debug|Any CPU.Build.0 = Debug|Any CPU
		{0E7413FF-EB9E-4714-ACF2-BE3A6A7B2FFD}.net_4_0_Debug|Mixed Platforms.ActiveCfg = Debug|Any CPU
		{0E7413FF-EB9E-4714-ACF2-BE3A6A7B2FFD}.net_4_0_Debug|Mixed Platforms.Build.0 = Debug|Any CPU
		{0E7413FF-EB9E-4714-ACF2-BE3A6A7B2FFD}.net_4_0_Debug|x86.ActiveCfg = Debug|Any CPU
		{0E7413FF-EB9E-4714-ACF2-BE3A6A7B2FFD}.net_4_0_Release|Any CPU.ActiveCfg = Release|Any CPU
		{0E7413FF-EB9E-4714-ACF2-BE3A6A7B2FFD}.net_4_0_Release|Any CPU.Build.0 = Release|Any CPU
		{0E7413FF-EB9E-4714-ACF2-BE3A6A7B2FFD}.net_4_0_Release|Mixed Platforms.ActiveCfg = Release|Any CPU
		{0E7413FF-EB9E-4714-ACF2-BE3A6A7B2FFD}.net_4_0_Release|Mixed Platforms.Build.0 = Release|Any CPU
		{0E7413FF-EB9E-4714-ACF2-BE3A6A7B2FFD}.net_4_0_Release|x86.ActiveCfg = Release|Any CPU
		{0E7413FF-EB9E-4714-ACF2-BE3A6A7B2FFD}.Release|Any CPU.ActiveCfg = Release|Any CPU
		{0E7413FF-EB9E-4714-ACF2-BE3A6A7B2FFD}.Release|Any CPU.Build.0 = Release|Any CPU
		{0E7413FF-EB9E-4714-ACF2-BE3A6A7B2FFD}.Release|Mixed Platforms.ActiveCfg = Release|Any CPU
		{0E7413FF-EB9E-4714-ACF2-BE3A6A7B2FFD}.Release|Mixed Platforms.Build.0 = Release|Any CPU
		{0E7413FF-EB9E-4714-ACF2-BE3A6A7B2FFD}.Release|x86.ActiveCfg = Release|Any CPU
		{0E7413FF-EB9E-4714-ACF2-BE3A6A7B2FFD}.silverlight_Debug|Any CPU.ActiveCfg = Debug|Any CPU
		{0E7413FF-EB9E-4714-ACF2-BE3A6A7B2FFD}.silverlight_Debug|Any CPU.Build.0 = Debug|Any CPU
		{0E7413FF-EB9E-4714-ACF2-BE3A6A7B2FFD}.silverlight_Debug|Mixed Platforms.ActiveCfg = Debug|Any CPU
		{0E7413FF-EB9E-4714-ACF2-BE3A6A7B2FFD}.silverlight_Debug|Mixed Platforms.Build.0 = Debug|Any CPU
		{0E7413FF-EB9E-4714-ACF2-BE3A6A7B2FFD}.silverlight_Debug|x86.ActiveCfg = Debug|Any CPU
		{0E7413FF-EB9E-4714-ACF2-BE3A6A7B2FFD}.silverlight_Release|Any CPU.ActiveCfg = Release|Any CPU
		{0E7413FF-EB9E-4714-ACF2-BE3A6A7B2FFD}.silverlight_Release|Any CPU.Build.0 = Release|Any CPU
		{0E7413FF-EB9E-4714-ACF2-BE3A6A7B2FFD}.silverlight_Release|Mixed Platforms.ActiveCfg = Release|Any CPU
		{0E7413FF-EB9E-4714-ACF2-BE3A6A7B2FFD}.silverlight_Release|Mixed Platforms.Build.0 = Release|Any CPU
		{0E7413FF-EB9E-4714-ACF2-BE3A6A7B2FFD}.silverlight_Release|x86.ActiveCfg = Release|Any CPU
		{0E7413FF-EB9E-4714-ACF2-BE3A6A7B2FFD}.winphone_Debug|Any CPU.ActiveCfg = Debug|Any CPU
		{0E7413FF-EB9E-4714-ACF2-BE3A6A7B2FFD}.winphone_Debug|Any CPU.Build.0 = Debug|Any CPU
		{0E7413FF-EB9E-4714-ACF2-BE3A6A7B2FFD}.winphone_Debug|Mixed Platforms.ActiveCfg = Debug|Any CPU
		{0E7413FF-EB9E-4714-ACF2-BE3A6A7B2FFD}.winphone_Debug|Mixed Platforms.Build.0 = Debug|Any CPU
		{0E7413FF-EB9E-4714-ACF2-BE3A6A7B2FFD}.winphone_Debug|x86.ActiveCfg = Debug|Any CPU
		{0E7413FF-EB9E-4714-ACF2-BE3A6A7B2FFD}.winphone_Release|Any CPU.ActiveCfg = Release|Any CPU
		{0E7413FF-EB9E-4714-ACF2-BE3A6A7B2FFD}.winphone_Release|Any CPU.Build.0 = Release|Any CPU
		{0E7413FF-EB9E-4714-ACF2-BE3A6A7B2FFD}.winphone_Release|Mixed Platforms.ActiveCfg = Release|Any CPU
		{0E7413FF-EB9E-4714-ACF2-BE3A6A7B2FFD}.winphone_Release|Mixed Platforms.Build.0 = Release|Any CPU
		{0E7413FF-EB9E-4714-ACF2-BE3A6A7B2FFD}.winphone_Release|x86.ActiveCfg = Release|Any CPU
		{D68133BD-1E63-496E-9EDE-4FBDBF77B486}.Debug|Any CPU.ActiveCfg = winphone_Debug|Any CPU
		{D68133BD-1E63-496E-9EDE-4FBDBF77B486}.Debug|Any CPU.Build.0 = winphone_Debug|Any CPU
		{D68133BD-1E63-496E-9EDE-4FBDBF77B486}.Debug|Mixed Platforms.ActiveCfg = winphone_Release|Any CPU
		{D68133BD-1E63-496E-9EDE-4FBDBF77B486}.Debug|Mixed Platforms.Build.0 = winphone_Release|Any CPU
		{D68133BD-1E63-496E-9EDE-4FBDBF77B486}.Debug|x86.ActiveCfg = winphone_Release|Any CPU
		{D68133BD-1E63-496E-9EDE-4FBDBF77B486}.net_2_0_Debug|Any CPU.ActiveCfg = net_2_0_Debug|Any CPU
		{D68133BD-1E63-496E-9EDE-4FBDBF77B486}.net_2_0_Debug|Any CPU.Build.0 = net_2_0_Debug|Any CPU
		{D68133BD-1E63-496E-9EDE-4FBDBF77B486}.net_2_0_Debug|Mixed Platforms.ActiveCfg = net_2_0_Debug|Any CPU
		{D68133BD-1E63-496E-9EDE-4FBDBF77B486}.net_2_0_Debug|Mixed Platforms.Build.0 = net_2_0_Debug|Any CPU
		{D68133BD-1E63-496E-9EDE-4FBDBF77B486}.net_2_0_Debug|x86.ActiveCfg = net_2_0_Debug|Any CPU
		{D68133BD-1E63-496E-9EDE-4FBDBF77B486}.net_2_0_Release|Any CPU.ActiveCfg = net_2_0_Release|Any CPU
		{D68133BD-1E63-496E-9EDE-4FBDBF77B486}.net_2_0_Release|Any CPU.Build.0 = net_2_0_Release|Any CPU
		{D68133BD-1E63-496E-9EDE-4FBDBF77B486}.net_2_0_Release|Mixed Platforms.ActiveCfg = net_2_0_Release|Any CPU
		{D68133BD-1E63-496E-9EDE-4FBDBF77B486}.net_2_0_Release|Mixed Platforms.Build.0 = net_2_0_Release|Any CPU
		{D68133BD-1E63-496E-9EDE-4FBDBF77B486}.net_2_0_Release|x86.ActiveCfg = net_2_0_Release|Any CPU
		{D68133BD-1E63-496E-9EDE-4FBDBF77B486}.net_3_5_Debug|Any CPU.ActiveCfg = net_3_5_Debug|Any CPU
		{D68133BD-1E63-496E-9EDE-4FBDBF77B486}.net_3_5_Debug|Any CPU.Build.0 = net_3_5_Debug|Any CPU
		{D68133BD-1E63-496E-9EDE-4FBDBF77B486}.net_3_5_Debug|Mixed Platforms.ActiveCfg = net_3_5_Debug|Any CPU
		{D68133BD-1E63-496E-9EDE-4FBDBF77B486}.net_3_5_Debug|Mixed Platforms.Build.0 = net_3_5_Debug|Any CPU
		{D68133BD-1E63-496E-9EDE-4FBDBF77B486}.net_3_5_Debug|x86.ActiveCfg = net_3_5_Debug|Any CPU
		{D68133BD-1E63-496E-9EDE-4FBDBF77B486}.net_3_5_Release|Any CPU.ActiveCfg = net_3_5_Release|Any CPU
		{D68133BD-1E63-496E-9EDE-4FBDBF77B486}.net_3_5_Release|Any CPU.Build.0 = net_3_5_Release|Any CPU
		{D68133BD-1E63-496E-9EDE-4FBDBF77B486}.net_3_5_Release|Mixed Platforms.ActiveCfg = net_3_5_Release|Any CPU
		{D68133BD-1E63-496E-9EDE-4FBDBF77B486}.net_3_5_Release|Mixed Platforms.Build.0 = net_3_5_Release|Any CPU
		{D68133BD-1E63-496E-9EDE-4FBDBF77B486}.net_3_5_Release|x86.ActiveCfg = net_3_5_Release|Any CPU
		{D68133BD-1E63-496E-9EDE-4FBDBF77B486}.net_4_0_Debug|Any CPU.ActiveCfg = net_4_0_Debug|Any CPU
		{D68133BD-1E63-496E-9EDE-4FBDBF77B486}.net_4_0_Debug|Any CPU.Build.0 = net_4_0_Debug|Any CPU
		{D68133BD-1E63-496E-9EDE-4FBDBF77B486}.net_4_0_Debug|Mixed Platforms.ActiveCfg = net_4_0_Debug|Any CPU
		{D68133BD-1E63-496E-9EDE-4FBDBF77B486}.net_4_0_Debug|Mixed Platforms.Build.0 = net_4_0_Debug|Any CPU
		{D68133BD-1E63-496E-9EDE-4FBDBF77B486}.net_4_0_Debug|x86.ActiveCfg = net_4_0_Debug|Any CPU
		{D68133BD-1E63-496E-9EDE-4FBDBF77B486}.net_4_0_Release|Any CPU.ActiveCfg = net_4_0_Release|Any CPU
		{D68133BD-1E63-496E-9EDE-4FBDBF77B486}.net_4_0_Release|Any CPU.Build.0 = net_4_0_Release|Any CPU
		{D68133BD-1E63-496E-9EDE-4FBDBF77B486}.net_4_0_Release|Mixed Platforms.ActiveCfg = net_4_0_Release|Any CPU
		{D68133BD-1E63-496E-9EDE-4FBDBF77B486}.net_4_0_Release|Mixed Platforms.Build.0 = net_4_0_Release|Any CPU
		{D68133BD-1E63-496E-9EDE-4FBDBF77B486}.net_4_0_Release|x86.ActiveCfg = net_4_0_Release|Any CPU
		{D68133BD-1E63-496E-9EDE-4FBDBF77B486}.Release|Any CPU.ActiveCfg = winphone_Release|Any CPU
		{D68133BD-1E63-496E-9EDE-4FBDBF77B486}.Release|Any CPU.Build.0 = winphone_Release|Any CPU
		{D68133BD-1E63-496E-9EDE-4FBDBF77B486}.Release|Mixed Platforms.ActiveCfg = winphone_Release|Any CPU
		{D68133BD-1E63-496E-9EDE-4FBDBF77B486}.Release|Mixed Platforms.Build.0 = winphone_Release|Any CPU
		{D68133BD-1E63-496E-9EDE-4FBDBF77B486}.Release|x86.ActiveCfg = winphone_Release|Any CPU
		{D68133BD-1E63-496E-9EDE-4FBDBF77B486}.silverlight_Debug|Any CPU.ActiveCfg = silverlight_Debug|Any CPU
		{D68133BD-1E63-496E-9EDE-4FBDBF77B486}.silverlight_Debug|Any CPU.Build.0 = silverlight_Debug|Any CPU
		{D68133BD-1E63-496E-9EDE-4FBDBF77B486}.silverlight_Debug|Mixed Platforms.ActiveCfg = silverlight_Debug|Any CPU
		{D68133BD-1E63-496E-9EDE-4FBDBF77B486}.silverlight_Debug|Mixed Platforms.Build.0 = silverlight_Debug|Any CPU
		{D68133BD-1E63-496E-9EDE-4FBDBF77B486}.silverlight_Debug|x86.ActiveCfg = silverlight_Debug|Any CPU
		{D68133BD-1E63-496E-9EDE-4FBDBF77B486}.silverlight_Release|Any CPU.ActiveCfg = silverlight_Release|Any CPU
		{D68133BD-1E63-496E-9EDE-4FBDBF77B486}.silverlight_Release|Any CPU.Build.0 = silverlight_Release|Any CPU
		{D68133BD-1E63-496E-9EDE-4FBDBF77B486}.silverlight_Release|Mixed Platforms.ActiveCfg = silverlight_Release|Any CPU
		{D68133BD-1E63-496E-9EDE-4FBDBF77B486}.silverlight_Release|Mixed Platforms.Build.0 = silverlight_Release|Any CPU
		{D68133BD-1E63-496E-9EDE-4FBDBF77B486}.silverlight_Release|x86.ActiveCfg = silverlight_Release|Any CPU
		{D68133BD-1E63-496E-9EDE-4FBDBF77B486}.winphone_Debug|Any CPU.ActiveCfg = winphone_Debug|Any CPU
		{D68133BD-1E63-496E-9EDE-4FBDBF77B486}.winphone_Debug|Any CPU.Build.0 = winphone_Debug|Any CPU
		{D68133BD-1E63-496E-9EDE-4FBDBF77B486}.winphone_Debug|Mixed Platforms.ActiveCfg = winphone_Debug|Any CPU
		{D68133BD-1E63-496E-9EDE-4FBDBF77B486}.winphone_Debug|Mixed Platforms.Build.0 = winphone_Debug|Any CPU
		{D68133BD-1E63-496E-9EDE-4FBDBF77B486}.winphone_Debug|x86.ActiveCfg = winphone_Debug|Any CPU
		{D68133BD-1E63-496E-9EDE-4FBDBF77B486}.winphone_Release|Any CPU.ActiveCfg = winphone_Release|Any CPU
		{D68133BD-1E63-496E-9EDE-4FBDBF77B486}.winphone_Release|Any CPU.Build.0 = winphone_Release|Any CPU
		{D68133BD-1E63-496E-9EDE-4FBDBF77B486}.winphone_Release|Mixed Platforms.ActiveCfg = winphone_Release|Any CPU
		{D68133BD-1E63-496E-9EDE-4FBDBF77B486}.winphone_Release|Mixed Platforms.Build.0 = winphone_Release|Any CPU
		{D68133BD-1E63-496E-9EDE-4FBDBF77B486}.winphone_Release|x86.ActiveCfg = winphone_Release|Any CPU
	EndGlobalSection
	GlobalSection(SolutionProperties) = preSolution
		HideSolutionNode = FALSE
	EndGlobalSection
	GlobalSection(NestedProjects) = preSolution
		{FBD84077-9D35-41FE-89DF-8D79EFE0B595} = {0E5DF3E9-0034-49FC-88A1-C675B8CEFFDC}
		{045B96F2-AF80-4C4C-8D27-E38635AC705E} = {0E5DF3E9-0034-49FC-88A1-C675B8CEFFDC}
		{4D10B9EB-3BF1-4D61-A389-CB019E8C9622} = {0E5DF3E9-0034-49FC-88A1-C675B8CEFFDC}
		{5C93C5E2-196F-4877-BF65-96FEBFCEFCA1} = {0E5DF3E9-0034-49FC-88A1-C675B8CEFFDC}
		{0E7413FF-EB9E-4714-ACF2-BE3A6A7B2FFD} = {0E5DF3E9-0034-49FC-88A1-C675B8CEFFDC}
		{D68133BD-1E63-496E-9EDE-4FBDBF77B486} = {0E5DF3E9-0034-49FC-88A1-C675B8CEFFDC}
	EndGlobalSection
EndGlobal
