
Microsoft Visual Studio Solution File, Format Version 11.00
# Visual Studio 2010
Project("{2150E333-8FDC-42A3-9474-1A3956D46DE8}") = "ReflexilLibs", "ReflexilLibs", "{C86029CD-1084-42CD-9270-DF79D857B217}"
EndProject
Project("{2150E333-8FDC-42A3-9474-1A3956D46DE8}") = "Reflexil", "Reflexil", "{2C44895F-FE03-4F7F-B8D8-981FC088890F}"
	ProjectSection(SolutionItems) = preProject
		COPYING.txt = COPYING.txt
	EndProjectSection
EndProject
Project("{FAE04EC0-301F-11D3-BF4B-00C04F79EFBC}") = "Reflexil.JustDecompile", "Reflexil.JustDecompile\Reflexil.JustDecompile.csproj", "{190F98C9-DCF2-497E-9BF0-230D35A43879}"
EndProject
Project("{FAE04EC0-301F-11D3-BF4B-00C04F79EFBC}") = "JustDecompile.Core", "..\Source\Tools\JustDecompile.Core\JustDecompile.Core.csproj", "{8A549CC3-55AC-46F8-9BC9-83E0804D87B9}"
EndProject
Project("{FAE04EC0-301F-11D3-BF4B-00C04F79EFBC}") = "Cecil.Decompiler.Gui.Services", "reflexil.1.5.src\Plugins\Cecil.Decompiler.Gui.Services\Cecil.Decompiler.Gui.Services.csproj", "{7FEC91D0-6FE4-4B91-B44A-8AF248BC88E0}"
EndProject
Project("{FAE04EC0-301F-11D3-BF4B-00C04F79EFBC}") = "Reflexil.CecilStudio", "reflexil.1.5.src\Plugins\Reflexil.CecilStudio\Reflexil.CecilStudio.csproj", "{E95BF266-CA23-4488-B519-2B15395297AD}"
EndProject
Project("{FAE04EC0-301F-11D3-BF4B-00C04F79EFBC}") = "Reflexil", "reflexil.1.5.src\Reflexil.csproj", "{DC7B5E39-FF49-4FE9-922B-3AE3DE36F2C6}"
EndProject
Project("{FAE04EC0-301F-11D3-BF4B-00C04F79EFBC}") = "Mono.Cecil.Reflexil", "reflexil.1.5.src\Libs\Sources\Mono.Cecil\Mono.Cecil.Reflexil.csproj", "{D8F63DFF-5230-43E4-9AB2-DA6E721A1FAE}"
EndProject
Project("{FAE04EC0-301F-11D3-BF4B-00C04F79EFBC}") = "Mono.Cecil.Mdb.Reflexil", "reflexil.1.5.src\Libs\Sources\Mono.Cecil.Mdb\Mono.Cecil.Mdb.Reflexil.csproj", "{C5D12431-9C20-4789-8FEC-46094B0F81B5}"
EndProject
Project("{FAE04EC0-301F-11D3-BF4B-00C04F79EFBC}") = "Mono.Cecil.Pdb.Reflexil", "reflexil.1.5.src\Libs\Sources\Mono.Cecil.Pdb\Mono.Cecil.Pdb.Reflexil.csproj", "{4FEBBB25-D5C0-48F0-A822-2E0D6F3D777E}"
EndProject
Project("{FAE04EC0-301F-11D3-BF4B-00C04F79EFBC}") = "ICSharpCode.NRefactory", "reflexil.1.5.src\Libs\Sources\ICSharpCode.NRefactory\ICSharpCode.NRefactory.csproj", "{A4F3E313-3DC9-4E7E-A008-21F954C5B12E}"
EndProject
Project("{FAE04EC0-301F-11D3-BF4B-00C04F79EFBC}") = "ICSharpCode.SharpDevelop.Dom", "reflexil.1.5.src\Libs\Sources\ICSharpCode.SharpDevelop.Dom\ICSharpCode.SharpDevelop.Dom.csproj", "{924EE450-603D-49C1-A8E5-4AFAA31CE6F3}"
EndProject
Project("{FAE04EC0-301F-11D3-BF4B-00C04F79EFBC}") = "ICSharpCode.TextEditor", "reflexil.1.5.src\Libs\Sources\ICSharpCode.TextEditor\ICSharpCode.TextEditor.csproj", "{2D18BE89-D210-49EB-A9DD-2246FBB3DF6D}"
EndProject
Global
	GlobalSection(TeamFoundationVersionControl) = preSolution
		SccNumberOfProjects = 12
		SccEnterpriseProvider = {4CA58AB2-18FA-4F8D-95D4-32DDF27D184C}
		SccTeamFoundationServer = http://tfs:8082/defaultcollection
		SccLocalPath0 = .
		SccProjectUniqueName1 = Reflexil.JustDecompile\\Reflexil.JustDecompile.csproj
		SccProjectTopLevelParentUniqueName1 = JustDecompile.Plugins.sln
		SccProjectName1 = Reflexil.JustDecompile
		SccLocalPath1 = Reflexil.JustDecompile
		SccProjectUniqueName2 = ..\\Source\\Tools\\JustDecompile.Core\\JustDecompile.Core.csproj
		SccProjectName2 = ../Source/Tools/JustDecompile.Core
		SccLocalPath2 = ..\\Source\\Tools\\JustDecompile.Core
		SccProjectUniqueName3 = reflexil.1.5.src\\Plugins\\Cecil.Decompiler.Gui.Services\\Cecil.Decompiler.Gui.Services.csproj
		SccProjectTopLevelParentUniqueName3 = JustDecompile.Plugins.sln
		SccProjectName3 = reflexil.1.5.src/Plugins/Cecil.Decompiler.Gui.Services
		SccLocalPath3 = reflexil.1.5.src\\Plugins\\Cecil.Decompiler.Gui.Services
		SccProjectUniqueName4 = reflexil.1.5.src\\Plugins\\Reflexil.CecilStudio\\Reflexil.CecilStudio.csproj
		SccProjectTopLevelParentUniqueName4 = JustDecompile.Plugins.sln
		SccProjectName4 = reflexil.1.5.src/Plugins/Reflexil.CecilStudio
		SccLocalPath4 = reflexil.1.5.src\\Plugins\\Reflexil.CecilStudio
		SccProjectUniqueName5 = reflexil.1.5.src\\Reflexil.csproj
		SccProjectTopLevelParentUniqueName5 = JustDecompile.Plugins.sln
		SccProjectName5 = reflexil.1.5.src
		SccLocalPath5 = reflexil.1.5.src
		SccProjectUniqueName6 = reflexil.1.5.src\\Libs\\Sources\\Mono.Cecil\\Mono.Cecil.Reflexil.csproj
		SccProjectTopLevelParentUniqueName6 = JustDecompile.Plugins.sln
		SccProjectName6 = reflexil.1.5.src/Libs/Sources/Mono.Cecil
		SccLocalPath6 = reflexil.1.5.src\\Libs\\Sources\\Mono.Cecil
		SccProjectUniqueName7 = reflexil.1.5.src\\Libs\\Sources\\Mono.Cecil.Mdb\\Mono.Cecil.Mdb.Reflexil.csproj
		SccProjectTopLevelParentUniqueName7 = JustDecompile.Plugins.sln
		SccProjectName7 = reflexil.1.5.src/Libs/Sources/Mono.Cecil.Mdb
		SccLocalPath7 = reflexil.1.5.src\\Libs\\Sources\\Mono.Cecil.Mdb
		SccProjectUniqueName8 = reflexil.1.5.src\\Libs\\Sources\\Mono.Cecil.Pdb\\Mono.Cecil.Pdb.Reflexil.csproj
		SccProjectTopLevelParentUniqueName8 = JustDecompile.Plugins.sln
		SccProjectName8 = reflexil.1.5.src/Libs/Sources/Mono.Cecil.Pdb
		SccLocalPath8 = reflexil.1.5.src\\Libs\\Sources\\Mono.Cecil.Pdb
		SccProjectUniqueName9 = reflexil.1.5.src\\Libs\\Sources\\ICSharpCode.NRefactory\\ICSharpCode.NRefactory.csproj
		SccProjectTopLevelParentUniqueName9 = JustDecompile.Plugins.sln
		SccProjectName9 = reflexil.1.5.src/Libs/Sources/ICSharpCode.NRefactory
		SccLocalPath9 = reflexil.1.5.src\\Libs\\Sources\\ICSharpCode.NRefactory
		SccProjectUniqueName10 = reflexil.1.5.src\\Libs\\Sources\\ICSharpCode.SharpDevelop.Dom\\ICSharpCode.SharpDevelop.Dom.csproj
		SccProjectTopLevelParentUniqueName10 = JustDecompile.Plugins.sln
		SccProjectName10 = reflexil.1.5.src/Libs/Sources/ICSharpCode.SharpDevelop.Dom
		SccLocalPath10 = reflexil.1.5.src\\Libs\\Sources\\ICSharpCode.SharpDevelop.Dom
		SccProjectUniqueName11 = reflexil.1.5.src\\Libs\\Sources\\ICSharpCode.TextEditor\\ICSharpCode.TextEditor.csproj
		SccProjectTopLevelParentUniqueName11 = JustDecompile.Plugins.sln
		SccProjectName11 = reflexil.1.5.src/Libs/Sources/ICSharpCode.TextEditor
		SccLocalPath11 = reflexil.1.5.src\\Libs\\Sources\\ICSharpCode.TextEditor
	EndGlobalSection
	GlobalSection(TestCaseManagementSettings) = postSolution
		CategoryFile = JustDecompile6.vsmdi
	EndGlobalSection
	GlobalSection(SolutionConfigurationPlatforms) = preSolution
		Debug|Any CPU = Debug|Any CPU
		Debug|Mixed Platforms = Debug|Mixed Platforms
		Debug|x86 = Debug|x86
		DebugServer|Any CPU = DebugServer|Any CPU
		DebugServer|Mixed Platforms = DebugServer|Mixed Platforms
		DebugServer|x86 = DebugServer|x86
		GenerateProject|Any CPU = GenerateProject|Any CPU
		GenerateProject|Mixed Platforms = GenerateProject|Mixed Platforms
		GenerateProject|x86 = GenerateProject|x86
		Release|Any CPU = Release|Any CPU
		Release|Mixed Platforms = Release|Mixed Platforms
		Release|x86 = Release|x86
	EndGlobalSection
	GlobalSection(ProjectConfigurationPlatforms) = postSolution
		{190F98C9-DCF2-497E-9BF0-230D35A43879}.Debug|Any CPU.ActiveCfg = Debug|Any CPU
		{190F98C9-DCF2-497E-9BF0-230D35A43879}.Debug|Any CPU.Build.0 = Debug|Any CPU
		{190F98C9-DCF2-497E-9BF0-230D35A43879}.Debug|Mixed Platforms.ActiveCfg = Debug|Any CPU
		{190F98C9-DCF2-497E-9BF0-230D35A43879}.Debug|Mixed Platforms.Build.0 = Debug|Any CPU
		{190F98C9-DCF2-497E-9BF0-230D35A43879}.Debug|x86.ActiveCfg = Debug|Any CPU
		{190F98C9-DCF2-497E-9BF0-230D35A43879}.DebugServer|Any CPU.ActiveCfg = Debug|Any CPU
		{190F98C9-DCF2-497E-9BF0-230D35A43879}.DebugServer|Any CPU.Build.0 = Debug|Any CPU
		{190F98C9-DCF2-497E-9BF0-230D35A43879}.DebugServer|Mixed Platforms.ActiveCfg = Debug|Any CPU
		{190F98C9-DCF2-497E-9BF0-230D35A43879}.DebugServer|Mixed Platforms.Build.0 = Debug|Any CPU
		{190F98C9-DCF2-497E-9BF0-230D35A43879}.DebugServer|x86.ActiveCfg = Debug|Any CPU
		{190F98C9-DCF2-497E-9BF0-230D35A43879}.GenerateProject|Any CPU.ActiveCfg = Release|Any CPU
		{190F98C9-DCF2-497E-9BF0-230D35A43879}.GenerateProject|Any CPU.Build.0 = Release|Any CPU
		{190F98C9-DCF2-497E-9BF0-230D35A43879}.GenerateProject|Mixed Platforms.ActiveCfg = Release|Any CPU
		{190F98C9-DCF2-497E-9BF0-230D35A43879}.GenerateProject|Mixed Platforms.Build.0 = Release|Any CPU
		{190F98C9-DCF2-497E-9BF0-230D35A43879}.GenerateProject|x86.ActiveCfg = Release|Any CPU
		{190F98C9-DCF2-497E-9BF0-230D35A43879}.Release|Any CPU.ActiveCfg = Release|Any CPU
		{190F98C9-DCF2-497E-9BF0-230D35A43879}.Release|Any CPU.Build.0 = Release|Any CPU
		{190F98C9-DCF2-497E-9BF0-230D35A43879}.Release|Mixed Platforms.ActiveCfg = Release|Any CPU
		{190F98C9-DCF2-497E-9BF0-230D35A43879}.Release|Mixed Platforms.Build.0 = Release|Any CPU
		{190F98C9-DCF2-497E-9BF0-230D35A43879}.Release|x86.ActiveCfg = Release|Any CPU
		{8A549CC3-55AC-46F8-9BC9-83E0804D87B9}.Debug|Any CPU.ActiveCfg = Debug|x86
		{8A549CC3-55AC-46F8-9BC9-83E0804D87B9}.Debug|Mixed Platforms.ActiveCfg = Debug|Any CPU
		{8A549CC3-55AC-46F8-9BC9-83E0804D87B9}.Debug|Mixed Platforms.Build.0 = Debug|Any CPU
		{8A549CC3-55AC-46F8-9BC9-83E0804D87B9}.Debug|x86.ActiveCfg = Debug|x86
		{8A549CC3-55AC-46F8-9BC9-83E0804D87B9}.Debug|x86.Build.0 = Debug|x86
		{8A549CC3-55AC-46F8-9BC9-83E0804D87B9}.DebugServer|Any CPU.ActiveCfg = Debug|x86
		{8A549CC3-55AC-46F8-9BC9-83E0804D87B9}.DebugServer|Mixed Platforms.ActiveCfg = Debug|x86
		{8A549CC3-55AC-46F8-9BC9-83E0804D87B9}.DebugServer|Mixed Platforms.Build.0 = Debug|x86
		{8A549CC3-55AC-46F8-9BC9-83E0804D87B9}.DebugServer|x86.ActiveCfg = Debug|x86
		{8A549CC3-55AC-46F8-9BC9-83E0804D87B9}.DebugServer|x86.Build.0 = Debug|x86
		{8A549CC3-55AC-46F8-9BC9-83E0804D87B9}.GenerateProject|Any CPU.ActiveCfg = Release|x86
		{8A549CC3-55AC-46F8-9BC9-83E0804D87B9}.GenerateProject|Mixed Platforms.ActiveCfg = Release|x86
		{8A549CC3-55AC-46F8-9BC9-83E0804D87B9}.GenerateProject|Mixed Platforms.Build.0 = Release|x86
		{8A549CC3-55AC-46F8-9BC9-83E0804D87B9}.GenerateProject|x86.ActiveCfg = Release|x86
		{8A549CC3-55AC-46F8-9BC9-83E0804D87B9}.GenerateProject|x86.Build.0 = Release|x86
		{8A549CC3-55AC-46F8-9BC9-83E0804D87B9}.Release|Any CPU.ActiveCfg = Release|x86
		{8A549CC3-55AC-46F8-9BC9-83E0804D87B9}.Release|Mixed Platforms.ActiveCfg = Release|Any CPU
		{8A549CC3-55AC-46F8-9BC9-83E0804D87B9}.Release|Mixed Platforms.Build.0 = Release|Any CPU
		{8A549CC3-55AC-46F8-9BC9-83E0804D87B9}.Release|x86.ActiveCfg = Release|x86
		{8A549CC3-55AC-46F8-9BC9-83E0804D87B9}.Release|x86.Build.0 = Release|x86
		{7FEC91D0-6FE4-4B91-B44A-8AF248BC88E0}.Debug|Any CPU.ActiveCfg = Debug|x86
		{7FEC91D0-6FE4-4B91-B44A-8AF248BC88E0}.Debug|Mixed Platforms.ActiveCfg = Debug|Any CPU
		{7FEC91D0-6FE4-4B91-B44A-8AF248BC88E0}.Debug|Mixed Platforms.Build.0 = Debug|Any CPU
		{7FEC91D0-6FE4-4B91-B44A-8AF248BC88E0}.Debug|x86.ActiveCfg = Debug|x86
		{7FEC91D0-6FE4-4B91-B44A-8AF248BC88E0}.Debug|x86.Build.0 = Debug|x86
		{7FEC91D0-6FE4-4B91-B44A-8AF248BC88E0}.DebugServer|Any CPU.ActiveCfg = Debug|x86
		{7FEC91D0-6FE4-4B91-B44A-8AF248BC88E0}.DebugServer|Mixed Platforms.ActiveCfg = Debug|x86
		{7FEC91D0-6FE4-4B91-B44A-8AF248BC88E0}.DebugServer|Mixed Platforms.Build.0 = Debug|x86
		{7FEC91D0-6FE4-4B91-B44A-8AF248BC88E0}.DebugServer|x86.ActiveCfg = Debug|x86
		{7FEC91D0-6FE4-4B91-B44A-8AF248BC88E0}.DebugServer|x86.Build.0 = Debug|x86
		{7FEC91D0-6FE4-4B91-B44A-8AF248BC88E0}.GenerateProject|Any CPU.ActiveCfg = Release|x86
		{7FEC91D0-6FE4-4B91-B44A-8AF248BC88E0}.GenerateProject|Mixed Platforms.ActiveCfg = Release|x86
		{7FEC91D0-6FE4-4B91-B44A-8AF248BC88E0}.GenerateProject|Mixed Platforms.Build.0 = Release|x86
		{7FEC91D0-6FE4-4B91-B44A-8AF248BC88E0}.GenerateProject|x86.ActiveCfg = Release|x86
		{7FEC91D0-6FE4-4B91-B44A-8AF248BC88E0}.GenerateProject|x86.Build.0 = Release|x86
		{7FEC91D0-6FE4-4B91-B44A-8AF248BC88E0}.Release|Any CPU.ActiveCfg = Release|x86
		{7FEC91D0-6FE4-4B91-B44A-8AF248BC88E0}.Release|Mixed Platforms.ActiveCfg = Release|Any CPU
		{7FEC91D0-6FE4-4B91-B44A-8AF248BC88E0}.Release|Mixed Platforms.Build.0 = Release|Any CPU
		{7FEC91D0-6FE4-4B91-B44A-8AF248BC88E0}.Release|x86.ActiveCfg = Release|x86
		{7FEC91D0-6FE4-4B91-B44A-8AF248BC88E0}.Release|x86.Build.0 = Release|x86
		{E95BF266-CA23-4488-B519-2B15395297AD}.Debug|Any CPU.ActiveCfg = Debug|Any CPU
		{E95BF266-CA23-4488-B519-2B15395297AD}.Debug|Any CPU.Build.0 = Debug|Any CPU
		{E95BF266-CA23-4488-B519-2B15395297AD}.Debug|Mixed Platforms.ActiveCfg = Debug|Any CPU
		{E95BF266-CA23-4488-B519-2B15395297AD}.Debug|Mixed Platforms.Build.0 = Debug|Any CPU
		{E95BF266-CA23-4488-B519-2B15395297AD}.Debug|x86.ActiveCfg = Debug|Any CPU
		{E95BF266-CA23-4488-B519-2B15395297AD}.DebugServer|Any CPU.ActiveCfg = Debug|Any CPU
		{E95BF266-CA23-4488-B519-2B15395297AD}.DebugServer|Any CPU.Build.0 = Debug|Any CPU
		{E95BF266-CA23-4488-B519-2B15395297AD}.DebugServer|Mixed Platforms.ActiveCfg = Debug|Any CPU
		{E95BF266-CA23-4488-B519-2B15395297AD}.DebugServer|Mixed Platforms.Build.0 = Debug|Any CPU
		{E95BF266-CA23-4488-B519-2B15395297AD}.DebugServer|x86.ActiveCfg = Debug|Any CPU
		{E95BF266-CA23-4488-B519-2B15395297AD}.GenerateProject|Any CPU.ActiveCfg = Release|Any CPU
		{E95BF266-CA23-4488-B519-2B15395297AD}.GenerateProject|Any CPU.Build.0 = Release|Any CPU
		{E95BF266-CA23-4488-B519-2B15395297AD}.GenerateProject|Mixed Platforms.ActiveCfg = Release|Any CPU
		{E95BF266-CA23-4488-B519-2B15395297AD}.GenerateProject|Mixed Platforms.Build.0 = Release|Any CPU
		{E95BF266-CA23-4488-B519-2B15395297AD}.GenerateProject|x86.ActiveCfg = Release|Any CPU
		{E95BF266-CA23-4488-B519-2B15395297AD}.Release|Any CPU.ActiveCfg = Release|Any CPU
		{E95BF266-CA23-4488-B519-2B15395297AD}.Release|Any CPU.Build.0 = Release|Any CPU
		{E95BF266-CA23-4488-B519-2B15395297AD}.Release|Mixed Platforms.ActiveCfg = Release|Any CPU
		{E95BF266-CA23-4488-B519-2B15395297AD}.Release|Mixed Platforms.Build.0 = Release|Any CPU
		{E95BF266-CA23-4488-B519-2B15395297AD}.Release|x86.ActiveCfg = Release|Any CPU
		{DC7B5E39-FF49-4FE9-922B-3AE3DE36F2C6}.Debug|Any CPU.ActiveCfg = Debug|Any CPU
		{DC7B5E39-FF49-4FE9-922B-3AE3DE36F2C6}.Debug|Any CPU.Build.0 = Debug|Any CPU
		{DC7B5E39-FF49-4FE9-922B-3AE3DE36F2C6}.Debug|Mixed Platforms.ActiveCfg = Debug|Any CPU
		{DC7B5E39-FF49-4FE9-922B-3AE3DE36F2C6}.Debug|Mixed Platforms.Build.0 = Debug|Any CPU
		{DC7B5E39-FF49-4FE9-922B-3AE3DE36F2C6}.Debug|x86.ActiveCfg = Debug|Any CPU
		{DC7B5E39-FF49-4FE9-922B-3AE3DE36F2C6}.DebugServer|Any CPU.ActiveCfg = Debug|Any CPU
		{DC7B5E39-FF49-4FE9-922B-3AE3DE36F2C6}.DebugServer|Any CPU.Build.0 = Debug|Any CPU
		{DC7B5E39-FF49-4FE9-922B-3AE3DE36F2C6}.DebugServer|Mixed Platforms.ActiveCfg = Debug|Any CPU
		{DC7B5E39-FF49-4FE9-922B-3AE3DE36F2C6}.DebugServer|Mixed Platforms.Build.0 = Debug|Any CPU
		{DC7B5E39-FF49-4FE9-922B-3AE3DE36F2C6}.DebugServer|x86.ActiveCfg = Debug|Any CPU
		{DC7B5E39-FF49-4FE9-922B-3AE3DE36F2C6}.GenerateProject|Any CPU.ActiveCfg = Release|Any CPU
		{DC7B5E39-FF49-4FE9-922B-3AE3DE36F2C6}.GenerateProject|Any CPU.Build.0 = Release|Any CPU
		{DC7B5E39-FF49-4FE9-922B-3AE3DE36F2C6}.GenerateProject|Mixed Platforms.ActiveCfg = Release|Any CPU
		{DC7B5E39-FF49-4FE9-922B-3AE3DE36F2C6}.GenerateProject|Mixed Platforms.Build.0 = Release|Any CPU
		{DC7B5E39-FF49-4FE9-922B-3AE3DE36F2C6}.GenerateProject|x86.ActiveCfg = Release|Any CPU
		{DC7B5E39-FF49-4FE9-922B-3AE3DE36F2C6}.Release|Any CPU.ActiveCfg = Release|Any CPU
		{DC7B5E39-FF49-4FE9-922B-3AE3DE36F2C6}.Release|Any CPU.Build.0 = Release|Any CPU
		{DC7B5E39-FF49-4FE9-922B-3AE3DE36F2C6}.Release|Mixed Platforms.ActiveCfg = Release|Any CPU
		{DC7B5E39-FF49-4FE9-922B-3AE3DE36F2C6}.Release|Mixed Platforms.Build.0 = Release|Any CPU
		{DC7B5E39-FF49-4FE9-922B-3AE3DE36F2C6}.Release|x86.ActiveCfg = Release|Any CPU
		{D8F63DFF-5230-43E4-9AB2-DA6E721A1FAE}.Debug|Any CPU.ActiveCfg = Debug|Any CPU
		{D8F63DFF-5230-43E4-9AB2-DA6E721A1FAE}.Debug|Any CPU.Build.0 = Debug|Any CPU
		{D8F63DFF-5230-43E4-9AB2-DA6E721A1FAE}.Debug|Mixed Platforms.ActiveCfg = Debug|Any CPU
		{D8F63DFF-5230-43E4-9AB2-DA6E721A1FAE}.Debug|Mixed Platforms.Build.0 = Debug|Any CPU
		{D8F63DFF-5230-43E4-9AB2-DA6E721A1FAE}.Debug|x86.ActiveCfg = Debug|Any CPU
		{D8F63DFF-5230-43E4-9AB2-DA6E721A1FAE}.DebugServer|Any CPU.ActiveCfg = Debug|Any CPU
		{D8F63DFF-5230-43E4-9AB2-DA6E721A1FAE}.DebugServer|Any CPU.Build.0 = Debug|Any CPU
		{D8F63DFF-5230-43E4-9AB2-DA6E721A1FAE}.DebugServer|Mixed Platforms.ActiveCfg = Debug|Any CPU
		{D8F63DFF-5230-43E4-9AB2-DA6E721A1FAE}.DebugServer|Mixed Platforms.Build.0 = Debug|Any CPU
		{D8F63DFF-5230-43E4-9AB2-DA6E721A1FAE}.DebugServer|x86.ActiveCfg = Debug|Any CPU
		{D8F63DFF-5230-43E4-9AB2-DA6E721A1FAE}.GenerateProject|Any CPU.ActiveCfg = Release|Any CPU
		{D8F63DFF-5230-43E4-9AB2-DA6E721A1FAE}.GenerateProject|Any CPU.Build.0 = Release|Any CPU
		{D8F63DFF-5230-43E4-9AB2-DA6E721A1FAE}.GenerateProject|Mixed Platforms.ActiveCfg = Release|Any CPU
		{D8F63DFF-5230-43E4-9AB2-DA6E721A1FAE}.GenerateProject|Mixed Platforms.Build.0 = Release|Any CPU
		{D8F63DFF-5230-43E4-9AB2-DA6E721A1FAE}.GenerateProject|x86.ActiveCfg = Release|Any CPU
		{D8F63DFF-5230-43E4-9AB2-DA6E721A1FAE}.Release|Any CPU.ActiveCfg = Release|Any CPU
		{D8F63DFF-5230-43E4-9AB2-DA6E721A1FAE}.Release|Any CPU.Build.0 = Release|Any CPU
		{D8F63DFF-5230-43E4-9AB2-DA6E721A1FAE}.Release|Mixed Platforms.ActiveCfg = Release|Any CPU
		{D8F63DFF-5230-43E4-9AB2-DA6E721A1FAE}.Release|Mixed Platforms.Build.0 = Release|Any CPU
		{D8F63DFF-5230-43E4-9AB2-DA6E721A1FAE}.Release|x86.ActiveCfg = Release|Any CPU
		{C5D12431-9C20-4789-8FEC-46094B0F81B5}.Debug|Any CPU.ActiveCfg = Debug|Any CPU
		{C5D12431-9C20-4789-8FEC-46094B0F81B5}.Debug|Any CPU.Build.0 = Debug|Any CPU
		{C5D12431-9C20-4789-8FEC-46094B0F81B5}.Debug|Mixed Platforms.ActiveCfg = Debug|Any CPU
		{C5D12431-9C20-4789-8FEC-46094B0F81B5}.Debug|Mixed Platforms.Build.0 = Debug|Any CPU
		{C5D12431-9C20-4789-8FEC-46094B0F81B5}.Debug|x86.ActiveCfg = Debug|Any CPU
		{C5D12431-9C20-4789-8FEC-46094B0F81B5}.DebugServer|Any CPU.ActiveCfg = Debug|Any CPU
		{C5D12431-9C20-4789-8FEC-46094B0F81B5}.DebugServer|Any CPU.Build.0 = Debug|Any CPU
		{C5D12431-9C20-4789-8FEC-46094B0F81B5}.DebugServer|Mixed Platforms.ActiveCfg = Debug|Any CPU
		{C5D12431-9C20-4789-8FEC-46094B0F81B5}.DebugServer|Mixed Platforms.Build.0 = Debug|Any CPU
		{C5D12431-9C20-4789-8FEC-46094B0F81B5}.DebugServer|x86.ActiveCfg = Debug|Any CPU
		{C5D12431-9C20-4789-8FEC-46094B0F81B5}.GenerateProject|Any CPU.ActiveCfg = Release|Any CPU
		{C5D12431-9C20-4789-8FEC-46094B0F81B5}.GenerateProject|Any CPU.Build.0 = Release|Any CPU
		{C5D12431-9C20-4789-8FEC-46094B0F81B5}.GenerateProject|Mixed Platforms.ActiveCfg = Release|Any CPU
		{C5D12431-9C20-4789-8FEC-46094B0F81B5}.GenerateProject|Mixed Platforms.Build.0 = Release|Any CPU
		{C5D12431-9C20-4789-8FEC-46094B0F81B5}.GenerateProject|x86.ActiveCfg = Release|Any CPU
		{C5D12431-9C20-4789-8FEC-46094B0F81B5}.Release|Any CPU.ActiveCfg = Release|Any CPU
		{C5D12431-9C20-4789-8FEC-46094B0F81B5}.Release|Any CPU.Build.0 = Release|Any CPU
		{C5D12431-9C20-4789-8FEC-46094B0F81B5}.Release|Mixed Platforms.ActiveCfg = Release|Any CPU
		{C5D12431-9C20-4789-8FEC-46094B0F81B5}.Release|Mixed Platforms.Build.0 = Release|Any CPU
		{C5D12431-9C20-4789-8FEC-46094B0F81B5}.Release|x86.ActiveCfg = Release|Any CPU
		{4FEBBB25-D5C0-48F0-A822-2E0D6F3D777E}.Debug|Any CPU.ActiveCfg = Debug|Any CPU
		{4FEBBB25-D5C0-48F0-A822-2E0D6F3D777E}.Debug|Any CPU.Build.0 = Debug|Any CPU
		{4FEBBB25-D5C0-48F0-A822-2E0D6F3D777E}.Debug|Mixed Platforms.ActiveCfg = Debug|Any CPU
		{4FEBBB25-D5C0-48F0-A822-2E0D6F3D777E}.Debug|Mixed Platforms.Build.0 = Debug|Any CPU
		{4FEBBB25-D5C0-48F0-A822-2E0D6F3D777E}.Debug|x86.ActiveCfg = Debug|Any CPU
		{4FEBBB25-D5C0-48F0-A822-2E0D6F3D777E}.DebugServer|Any CPU.ActiveCfg = Debug|Any CPU
		{4FEBBB25-D5C0-48F0-A822-2E0D6F3D777E}.DebugServer|Any CPU.Build.0 = Debug|Any CPU
		{4FEBBB25-D5C0-48F0-A822-2E0D6F3D777E}.DebugServer|Mixed Platforms.ActiveCfg = Debug|Any CPU
		{4FEBBB25-D5C0-48F0-A822-2E0D6F3D777E}.DebugServer|Mixed Platforms.Build.0 = Debug|Any CPU
		{4FEBBB25-D5C0-48F0-A822-2E0D6F3D777E}.DebugServer|x86.ActiveCfg = Debug|Any CPU
		{4FEBBB25-D5C0-48F0-A822-2E0D6F3D777E}.GenerateProject|Any CPU.ActiveCfg = Release|Any CPU
		{4FEBBB25-D5C0-48F0-A822-2E0D6F3D777E}.GenerateProject|Any CPU.Build.0 = Release|Any CPU
		{4FEBBB25-D5C0-48F0-A822-2E0D6F3D777E}.GenerateProject|Mixed Platforms.ActiveCfg = Release|Any CPU
		{4FEBBB25-D5C0-48F0-A822-2E0D6F3D777E}.GenerateProject|Mixed Platforms.Build.0 = Release|Any CPU
		{4FEBBB25-D5C0-48F0-A822-2E0D6F3D777E}.GenerateProject|x86.ActiveCfg = Release|Any CPU
		{4FEBBB25-D5C0-48F0-A822-2E0D6F3D777E}.Release|Any CPU.ActiveCfg = Release|Any CPU
		{4FEBBB25-D5C0-48F0-A822-2E0D6F3D777E}.Release|Any CPU.Build.0 = Release|Any CPU
		{4FEBBB25-D5C0-48F0-A822-2E0D6F3D777E}.Release|Mixed Platforms.ActiveCfg = Release|Any CPU
		{4FEBBB25-D5C0-48F0-A822-2E0D6F3D777E}.Release|Mixed Platforms.Build.0 = Release|Any CPU
		{4FEBBB25-D5C0-48F0-A822-2E0D6F3D777E}.Release|x86.ActiveCfg = Release|Any CPU
		{A4F3E313-3DC9-4E7E-A008-21F954C5B12E}.Debug|Any CPU.ActiveCfg = Debug|Any CPU
		{A4F3E313-3DC9-4E7E-A008-21F954C5B12E}.Debug|Any CPU.Build.0 = Debug|Any CPU
		{A4F3E313-3DC9-4E7E-A008-21F954C5B12E}.Debug|Mixed Platforms.ActiveCfg = Debug|Any CPU
		{A4F3E313-3DC9-4E7E-A008-21F954C5B12E}.Debug|Mixed Platforms.Build.0 = Debug|Any CPU
		{A4F3E313-3DC9-4E7E-A008-21F954C5B12E}.Debug|x86.ActiveCfg = Debug|Any CPU
		{A4F3E313-3DC9-4E7E-A008-21F954C5B12E}.DebugServer|Any CPU.ActiveCfg = Debug|Any CPU
		{A4F3E313-3DC9-4E7E-A008-21F954C5B12E}.DebugServer|Any CPU.Build.0 = Debug|Any CPU
		{A4F3E313-3DC9-4E7E-A008-21F954C5B12E}.DebugServer|Mixed Platforms.ActiveCfg = Debug|Any CPU
		{A4F3E313-3DC9-4E7E-A008-21F954C5B12E}.DebugServer|Mixed Platforms.Build.0 = Debug|Any CPU
		{A4F3E313-3DC9-4E7E-A008-21F954C5B12E}.DebugServer|x86.ActiveCfg = Debug|Any CPU
		{A4F3E313-3DC9-4E7E-A008-21F954C5B12E}.GenerateProject|Any CPU.ActiveCfg = Release|Any CPU
		{A4F3E313-3DC9-4E7E-A008-21F954C5B12E}.GenerateProject|Any CPU.Build.0 = Release|Any CPU
		{A4F3E313-3DC9-4E7E-A008-21F954C5B12E}.GenerateProject|Mixed Platforms.ActiveCfg = Release|Any CPU
		{A4F3E313-3DC9-4E7E-A008-21F954C5B12E}.GenerateProject|Mixed Platforms.Build.0 = Release|Any CPU
		{A4F3E313-3DC9-4E7E-A008-21F954C5B12E}.GenerateProject|x86.ActiveCfg = Release|Any CPU
		{A4F3E313-3DC9-4E7E-A008-21F954C5B12E}.Release|Any CPU.ActiveCfg = Release|Any CPU
		{A4F3E313-3DC9-4E7E-A008-21F954C5B12E}.Release|Any CPU.Build.0 = Release|Any CPU
		{A4F3E313-3DC9-4E7E-A008-21F954C5B12E}.Release|Mixed Platforms.ActiveCfg = Release|Any CPU
		{A4F3E313-3DC9-4E7E-A008-21F954C5B12E}.Release|Mixed Platforms.Build.0 = Release|Any CPU
		{A4F3E313-3DC9-4E7E-A008-21F954C5B12E}.Release|x86.ActiveCfg = Release|Any CPU
		{924EE450-603D-49C1-A8E5-4AFAA31CE6F3}.Debug|Any CPU.ActiveCfg = Debug|Any CPU
		{924EE450-603D-49C1-A8E5-4AFAA31CE6F3}.Debug|Any CPU.Build.0 = Debug|Any CPU
		{924EE450-603D-49C1-A8E5-4AFAA31CE6F3}.Debug|Mixed Platforms.ActiveCfg = Debug|Any CPU
		{924EE450-603D-49C1-A8E5-4AFAA31CE6F3}.Debug|Mixed Platforms.Build.0 = Debug|Any CPU
		{924EE450-603D-49C1-A8E5-4AFAA31CE6F3}.Debug|x86.ActiveCfg = Debug|Any CPU
		{924EE450-603D-49C1-A8E5-4AFAA31CE6F3}.DebugServer|Any CPU.ActiveCfg = Debug|Any CPU
		{924EE450-603D-49C1-A8E5-4AFAA31CE6F3}.DebugServer|Any CPU.Build.0 = Debug|Any CPU
		{924EE450-603D-49C1-A8E5-4AFAA31CE6F3}.DebugServer|Mixed Platforms.ActiveCfg = Debug|Any CPU
		{924EE450-603D-49C1-A8E5-4AFAA31CE6F3}.DebugServer|Mixed Platforms.Build.0 = Debug|Any CPU
		{924EE450-603D-49C1-A8E5-4AFAA31CE6F3}.DebugServer|x86.ActiveCfg = Debug|Any CPU
		{924EE450-603D-49C1-A8E5-4AFAA31CE6F3}.GenerateProject|Any CPU.ActiveCfg = Release|Any CPU
		{924EE450-603D-49C1-A8E5-4AFAA31CE6F3}.GenerateProject|Any CPU.Build.0 = Release|Any CPU
		{924EE450-603D-49C1-A8E5-4AFAA31CE6F3}.GenerateProject|Mixed Platforms.ActiveCfg = Release|Any CPU
		{924EE450-603D-49C1-A8E5-4AFAA31CE6F3}.GenerateProject|Mixed Platforms.Build.0 = Release|Any CPU
		{924EE450-603D-49C1-A8E5-4AFAA31CE6F3}.GenerateProject|x86.ActiveCfg = Release|Any CPU
		{924EE450-603D-49C1-A8E5-4AFAA31CE6F3}.Release|Any CPU.ActiveCfg = Release|Any CPU
		{924EE450-603D-49C1-A8E5-4AFAA31CE6F3}.Release|Any CPU.Build.0 = Release|Any CPU
		{924EE450-603D-49C1-A8E5-4AFAA31CE6F3}.Release|Mixed Platforms.ActiveCfg = Release|Any CPU
		{924EE450-603D-49C1-A8E5-4AFAA31CE6F3}.Release|Mixed Platforms.Build.0 = Release|Any CPU
		{924EE450-603D-49C1-A8E5-4AFAA31CE6F3}.Release|x86.ActiveCfg = Release|Any CPU
		{2D18BE89-D210-49EB-A9DD-2246FBB3DF6D}.Debug|Any CPU.ActiveCfg = Debug|Any CPU
		{2D18BE89-D210-49EB-A9DD-2246FBB3DF6D}.Debug|Any CPU.Build.0 = Debug|Any CPU
		{2D18BE89-D210-49EB-A9DD-2246FBB3DF6D}.Debug|Mixed Platforms.ActiveCfg = Debug|Any CPU
		{2D18BE89-D210-49EB-A9DD-2246FBB3DF6D}.Debug|Mixed Platforms.Build.0 = Debug|Any CPU
		{2D18BE89-D210-49EB-A9DD-2246FBB3DF6D}.Debug|x86.ActiveCfg = Debug|Any CPU
		{2D18BE89-D210-49EB-A9DD-2246FBB3DF6D}.DebugServer|Any CPU.ActiveCfg = Debug|Any CPU
		{2D18BE89-D210-49EB-A9DD-2246FBB3DF6D}.DebugServer|Any CPU.Build.0 = Debug|Any CPU
		{2D18BE89-D210-49EB-A9DD-2246FBB3DF6D}.DebugServer|Mixed Platforms.ActiveCfg = Debug|Any CPU
		{2D18BE89-D210-49EB-A9DD-2246FBB3DF6D}.DebugServer|Mixed Platforms.Build.0 = Debug|Any CPU
		{2D18BE89-D210-49EB-A9DD-2246FBB3DF6D}.DebugServer|x86.ActiveCfg = Debug|Any CPU
		{2D18BE89-D210-49EB-A9DD-2246FBB3DF6D}.GenerateProject|Any CPU.ActiveCfg = Release|Any CPU
		{2D18BE89-D210-49EB-A9DD-2246FBB3DF6D}.GenerateProject|Any CPU.Build.0 = Release|Any CPU
		{2D18BE89-D210-49EB-A9DD-2246FBB3DF6D}.GenerateProject|Mixed Platforms.ActiveCfg = Release|Any CPU
		{2D18BE89-D210-49EB-A9DD-2246FBB3DF6D}.GenerateProject|Mixed Platforms.Build.0 = Release|Any CPU
		{2D18BE89-D210-49EB-A9DD-2246FBB3DF6D}.GenerateProject|x86.ActiveCfg = Release|Any CPU
		{2D18BE89-D210-49EB-A9DD-2246FBB3DF6D}.Release|Any CPU.ActiveCfg = Release|Any CPU
		{2D18BE89-D210-49EB-A9DD-2246FBB3DF6D}.Release|Any CPU.Build.0 = Release|Any CPU
		{2D18BE89-D210-49EB-A9DD-2246FBB3DF6D}.Release|Mixed Platforms.ActiveCfg = Release|Any CPU
		{2D18BE89-D210-49EB-A9DD-2246FBB3DF6D}.Release|Mixed Platforms.Build.0 = Release|Any CPU
		{2D18BE89-D210-49EB-A9DD-2246FBB3DF6D}.Release|x86.ActiveCfg = Release|Any CPU
	EndGlobalSection
	GlobalSection(SolutionProperties) = preSolution
		HideSolutionNode = FALSE
	EndGlobalSection
	GlobalSection(NestedProjects) = preSolution
		{C86029CD-1084-42CD-9270-DF79D857B217} = {2C44895F-FE03-4F7F-B8D8-981FC088890F}
		{190F98C9-DCF2-497E-9BF0-230D35A43879} = {2C44895F-FE03-4F7F-B8D8-981FC088890F}
		{7FEC91D0-6FE4-4B91-B44A-8AF248BC88E0} = {C86029CD-1084-42CD-9270-DF79D857B217}
		{E95BF266-CA23-4488-B519-2B15395297AD} = {C86029CD-1084-42CD-9270-DF79D857B217}
		{DC7B5E39-FF49-4FE9-922B-3AE3DE36F2C6} = {C86029CD-1084-42CD-9270-DF79D857B217}
		{D8F63DFF-5230-43E4-9AB2-DA6E721A1FAE} = {C86029CD-1084-42CD-9270-DF79D857B217}
		{C5D12431-9C20-4789-8FEC-46094B0F81B5} = {C86029CD-1084-42CD-9270-DF79D857B217}
		{4FEBBB25-D5C0-48F0-A822-2E0D6F3D777E} = {C86029CD-1084-42CD-9270-DF79D857B217}
		{A4F3E313-3DC9-4E7E-A008-21F954C5B12E} = {C86029CD-1084-42CD-9270-DF79D857B217}
		{924EE450-603D-49C1-A8E5-4AFAA31CE6F3} = {C86029CD-1084-42CD-9270-DF79D857B217}
		{2D18BE89-D210-49EB-A9DD-2246FBB3DF6D} = {C86029CD-1084-42CD-9270-DF79D857B217}
	EndGlobalSection
EndGlobal
